// !$*UTF8*$!
{
	archiveVersion = 1;
	classes = {
	};
	objectVersion = 56;
	objects = {

/* Begin PBXBuildFile section */
		B12437162CF3316C004A6305 /* CircleAnimationApp.swift in Sources */ = {isa = PBXBuildFile; fileRef = B12437152CF3316C004A6305 /* CircleAnimationApp.swift */; };
		B12437182CF3316C004A6305 /* ContentView.swift in Sources */ = {isa = PBXBuildFile; fileRef = B12437172CF3316C004A6305 /* ContentView.swift */; };
		B124371A2CF33170004A6305 /* Assets.xcassets in Resources */ = {isa = PBXBuildFile; fileRef = B12437192CF33170004A6305 /* Assets.xcassets */; };
		B124371D2CF33170004A6305 /* Preview Assets.xcassets in Resources */ = {isa = PBXBuildFile; fileRef = B124371C2CF33170004A6305 /* Preview Assets.xcassets */; };
		B12437272CF33170004A6305 /* CircleAnimationTests.swift in Sources */ = {isa = PBXBuildFile; fileRef = B12437262CF33170004A6305 /* CircleAnimationTests.swift */; };
		B12437312CF33170004A6305 /* CircleAnimationUITests.swift in Sources */ = {isa = PBXBuildFile; fileRef = B12437302CF33170004A6305 /* CircleAnimationUITests.swift */; };
		B12437332CF33170004A6305 /* CircleAnimationUITestsLaunchTests.swift in Sources */ = {isa = PBXBuildFile; fileRef = B12437322CF33170004A6305 /* CircleAnimationUITestsLaunchTests.swift */; };
		B12437402CF331AB004A6305 /* CircularPositionModifier.swift in Sources */ = {isa = PBXBuildFile; fileRef = B124373F2CF331AB004A6305 /* CircularPositionModifier.swift */; };
/* End PBXBuildFile section */

/* Begin PBXContainerItemProxy section */
		B12437232CF33170004A6305 /* PBXContainerItemProxy */ = {
			isa = PBXContainerItemProxy;
			containerPortal = B124370A2CF3316C004A6305 /* Project object */;
			proxyType = 1;
			remoteGlobalIDString = B12437112CF3316C004A6305;
			remoteInfo = CircleAnimation;
		};
		B124372D2CF33170004A6305 /* PBXContainerItemProxy */ = {
			isa = PBXContainerItemProxy;
			containerPortal = B124370A2CF3316C004A6305 /* Project object */;
			proxyType = 1;
			remoteGlobalIDString = B12437112CF3316C004A6305;
			remoteInfo = CircleAnimation;
		};
/* End PBXContainerItemProxy section */

/* Begin PBXFileReference section */
		B12437122CF3316C004A6305 /* CircleAnimation.app */ = {isa = PBXFileReference; explicitFileType = wrapper.application; includeInIndex = 0; path = CircleAnimation.app; sourceTree = BUILT_PRODUCTS_DIR; };
		B12437152CF3316C004A6305 /* CircleAnimationApp.swift */ = {isa = PBXFileReference; lastKnownFileType = sourcecode.swift; path = CircleAnimationApp.swift; sourceTree = "<group>"; };
		B12437172CF3316C004A6305 /* ContentView.swift */ = {isa = PBXFileReference; lastKnownFileType = sourcecode.swift; path = ContentView.swift; sourceTree = "<group>"; };
		B12437192CF33170004A6305 /* Assets.xcassets */ = {isa = PBXFileReference; lastKnownFileType = folder.assetcatalog; path = Assets.xcassets; sourceTree = "<group>"; };
		B124371C2CF33170004A6305 /* Preview Assets.xcassets */ = {isa = PBXFileReference; lastKnownFileType = folder.assetcatalog; path = "Preview Assets.xcassets"; sourceTree = "<group>"; };
		B12437222CF33170004A6305 /* CircleAnimationTests.xctest */ = {isa = PBXFileReference; explicitFileType = wrapper.cfbundle; includeInIndex = 0; path = CircleAnimationTests.xctest; sourceTree = BUILT_PRODUCTS_DIR; };
		B12437262CF33170004A6305 /* CircleAnimationTests.swift */ = {isa = PBXFileReference; lastKnownFileType = sourcecode.swift; path = CircleAnimationTests.swift; sourceTree = "<group>"; };
		B124372C2CF33170004A6305 /* CircleAnimationUITests.xctest */ = {isa = PBXFileReference; explicitFileType = wrapper.cfbundle; includeInIndex = 0; path = CircleAnimationUITests.xctest; sourceTree = BUILT_PRODUCTS_DIR; };
		B12437302CF33170004A6305 /* CircleAnimationUITests.swift */ = {isa = PBXFileReference; lastKnownFileType = sourcecode.swift; path = CircleAnimationUITests.swift; sourceTree = "<group>"; };
		B12437322CF33170004A6305 /* CircleAnimationUITestsLaunchTests.swift */ = {isa = PBXFileReference; lastKnownFileType = sourcecode.swift; path = CircleAnimationUITestsLaunchTests.swift; sourceTree = "<group>"; };
		B124373F2CF331AB004A6305 /* CircularPositionModifier.swift */ = {isa = PBXFileReference; lastKnownFileType = sourcecode.swift; path = CircularPositionModifier.swift; sourceTree = "<group>"; };
/* End PBXFileReference section */

/* Begin PBXFrameworksBuildPhase section */
		B124370F2CF3316C004A6305 /* Frameworks */ = {
			isa = PBXFrameworksBuildPhase;
			buildActionMask = 2147483647;
			files = (
			);
			runOnlyForDeploymentPostprocessing = 0;
		};
		B124371F2CF33170004A6305 /* Frameworks */ = {
			isa = PBXFrameworksBuildPhase;
			buildActionMask = 2147483647;
			files = (
			);
			runOnlyForDeploymentPostprocessing = 0;
		};
		B12437292CF33170004A6305 /* Frameworks */ = {
			isa = PBXFrameworksBuildPhase;
			buildActionMask = 2147483647;
			files = (
			);
			runOnlyForDeploymentPostprocessing = 0;
		};
/* End PBXFrameworksBuildPhase section */

/* Begin PBXGroup section */
		B12437092CF3316C004A6305 = {
			isa = PBXGroup;
			children = (
				B12437142CF3316C004A6305 /* CircleAnimation */,
				B12437252CF33170004A6305 /* CircleAnimationTests */,
				B124372F2CF33170004A6305 /* CircleAnimationUITests */,
				B12437132CF3316C004A6305 /* Products */,
			);
			sourceTree = "<group>";
		};
		B12437132CF3316C004A6305 /* Products */ = {
			isa = PBXGroup;
			children = (
				B12437122CF3316C004A6305 /* CircleAnimation.app */,
				B12437222CF33170004A6305 /* CircleAnimationTests.xctest */,
				B124372C2CF33170004A6305 /* CircleAnimationUITests.xctest */,
			);
			name = Products;
			sourceTree = "<group>";
		};
		B12437142CF3316C004A6305 /* CircleAnimation */ = {
			isa = PBXGroup;
			children = (
				B12437152CF3316C004A6305 /* CircleAnimationApp.swift */,
				B12437172CF3316C004A6305 /* ContentView.swift */,
				B124373F2CF331AB004A6305 /* CircularPositionModifier.swift */,
				B12437192CF33170004A6305 /* Assets.xcassets */,
				B124371B2CF33170004A6305 /* Preview Content */,
			);
			path = CircleAnimation;
			sourceTree = "<group>";
		};
		B124371B2CF33170004A6305 /* Preview Content */ = {
			isa = PBXGroup;
			children = (
				B124371C2CF33170004A6305 /* Preview Assets.xcassets */,
			);
			path = "Preview Content";
			sourceTree = "<group>";
		};
		B12437252CF33170004A6305 /* CircleAnimationTests */ = {
			isa = PBXGroup;
			children = (
				B12437262CF33170004A6305 /* CircleAnimationTests.swift */,
			);
			path = CircleAnimationTests;
			sourceTree = "<group>";
		};
		B124372F2CF33170004A6305 /* CircleAnimationUITests */ = {
			isa = PBXGroup;
			children = (
				B12437302CF33170004A6305 /* CircleAnimationUITests.swift */,
				B12437322CF33170004A6305 /* CircleAnimationUITestsLaunchTests.swift */,
			);
			path = CircleAnimationUITests;
			sourceTree = "<group>";
		};
/* End PBXGroup section */

/* Begin PBXNativeTarget section */
		B12437112CF3316C004A6305 /* CircleAnimation */ = {
			isa = PBXNativeTarget;
			buildConfigurationList = B12437362CF33170004A6305 /* Build configuration list for PBXNativeTarget "CircleAnimation" */;
			buildPhases = (
				B124370E2CF3316C004A6305 /* Sources */,
				B124370F2CF3316C004A6305 /* Frameworks */,
				B12437102CF3316C004A6305 /* Resources */,
			);
			buildRules = (
			);
			dependencies = (
			);
			name = CircleAnimation;
			productName = CircleAnimation;
			productReference = B12437122CF3316C004A6305 /* CircleAnimation.app */;
			productType = "com.apple.product-type.application";
		};
		B12437212CF33170004A6305 /* CircleAnimationTests */ = {
			isa = PBXNativeTarget;
			buildConfigurationList = B12437392CF33170004A6305 /* Build configuration list for PBXNativeTarget "CircleAnimationTests" */;
			buildPhases = (
				B124371E2CF33170004A6305 /* Sources */,
				B124371F2CF33170004A6305 /* Frameworks */,
				B12437202CF33170004A6305 /* Resources */,
			);
			buildRules = (
			);
			dependencies = (
				B12437242CF33170004A6305 /* PBXTargetDependency */,
			);
			name = CircleAnimationTests;
			productName = CircleAnimationTests;
			productReference = B12437222CF33170004A6305 /* CircleAnimationTests.xctest */;
			productType = "com.apple.product-type.bundle.unit-test";
		};
		B124372B2CF33170004A6305 /* CircleAnimationUITests */ = {
			isa = PBXNativeTarget;
			buildConfigurationList = B124373C2CF33170004A6305 /* Build configuration list for PBXNativeTarget "CircleAnimationUITests" */;
			buildPhases = (
				B12437282CF33170004A6305 /* Sources */,
				B12437292CF33170004A6305 /* Frameworks */,
				B124372A2CF33170004A6305 /* Resources */,
			);
			buildRules = (
			);
			dependencies = (
				B124372E2CF33170004A6305 /* PBXTargetDependency */,
			);
			name = CircleAnimationUITests;
			productName = CircleAnimationUITests;
			productReference = B124372C2CF33170004A6305 /* CircleAnimationUITests.xctest */;
			productType = "com.apple.product-type.bundle.ui-testing";
		};
/* End PBXNativeTarget section */

/* Begin PBXProject section */
		B124370A2CF3316C004A6305 /* Project object */ = {
			isa = PBXProject;
			attributes = {
				BuildIndependentTargetsInParallel = 1;
				LastSwiftUpdateCheck = 1530;
				LastUpgradeCheck = 1530;
				TargetAttributes = {
					B12437112CF3316C004A6305 = {
						CreatedOnToolsVersion = 15.3;
					};
					B12437212CF33170004A6305 = {
						CreatedOnToolsVersion = 15.3;
						TestTargetID = B12437112CF3316C004A6305;
					};
					B124372B2CF33170004A6305 = {
						CreatedOnToolsVersion = 15.3;
						TestTargetID = B12437112CF3316C004A6305;
					};
				};
			};
			buildConfigurationList = B124370D2CF3316C004A6305 /* Build configuration list for PBXProject "CircleAnimation" */;
			compatibilityVersion = "Xcode 14.0";
			developmentRegion = en;
			hasScannedForEncodings = 0;
			knownRegions = (
				en,
				Base,
			);
			mainGroup = B12437092CF3316C004A6305;
			productRefGroup = B12437132CF3316C004A6305 /* Products */;
			projectDirPath = "";
			projectRoot = "";
			targets = (
				B12437112CF3316C004A6305 /* CircleAnimation */,
				B12437212CF33170004A6305 /* CircleAnimationTests */,
				B124372B2CF33170004A6305 /* CircleAnimationUITests */,
			);
		};
/* End PBXProject section */

/* Begin PBXResourcesBuildPhase section */
		B12437102CF3316C004A6305 /* Resources */ = {
			isa = PBXResourcesBuildPhase;
			buildActionMask = 2147483647;
			files = (
				B124371D2CF33170004A6305 /* Preview Assets.xcassets in Resources */,
				B124371A2CF33170004A6305 /* Assets.xcassets in Resources */,
			);
			runOnlyForDeploymentPostprocessing = 0;
		};
		B12437202CF33170004A6305 /* Resources */ = {
			isa = PBXResourcesBuildPhase;
			buildActionMask = 2147483647;
			files = (
			);
			runOnlyForDeploymentPostprocessing = 0;
		};
		B124372A2CF33170004A6305 /* Resources */ = {
			isa = PBXResourcesBuildPhase;
			buildActionMask = 2147483647;
			files = (
			);
			runOnlyForDeploymentPostprocessing = 0;
		};
/* End PBXResourcesBuildPhase section */

/* Begin PBXSourcesBuildPhase section */
		B124370E2CF3316C004A6305 /* Sources */ = {
			isa = PBXSourcesBuildPhase;
			buildActionMask = 2147483647;
			files = (
				B12437182CF3316C004A6305 /* ContentView.swift in Sources */,
				B12437402CF331AB004A6305 /* CircularPositionModifier.swift in Sources */,
				B12437162CF3316C004A6305 /* CircleAnimationApp.swift in Sources */,
			);
			runOnlyForDeploymentPostprocessing = 0;
		};
		B124371E2CF33170004A6305 /* Sources */ = {
			isa = PBXSourcesBuildPhase;
			buildActionMask = 2147483647;
			files = (
				B12437272CF33170004A6305 /* CircleAnimationTests.swift in Sources */,
			);
			runOnlyForDeploymentPostprocessing = 0;
		};
		B12437282CF33170004A6305 /* Sources */ = {
			isa = PBXSourcesBuildPhase;
			buildActionMask = 2147483647;
			files = (
				B12437312CF33170004A6305 /* CircleAnimationUITests.swift in Sources */,
				B12437332CF33170004A6305 /* CircleAnimationUITestsLaunchTests.swift in Sources */,
			);
			runOnlyForDeploymentPostprocessing = 0;
		};
/* End PBXSourcesBuildPhase section */

/* Begin PBXTargetDependency section */
		B12437242CF33170004A6305 /* PBXTargetDependency */ = {
			isa = PBXTargetDependency;
			target = B12437112CF3316C004A6305 /* CircleAnimation */;
			targetProxy = B12437232CF33170004A6305 /* PBXContainerItemProxy */;
		};
		B124372E2CF33170004A6305 /* PBXTargetDependency */ = {
			isa = PBXTargetDependency;
			target = B12437112CF3316C004A6305 /* CircleAnimation */;
			targetProxy = B124372D2CF33170004A6305 /* PBXContainerItemProxy */;
		};
/* End PBXTargetDependency section */

/* Begin XCBuildConfiguration section */
		B12437342CF33170004A6305 /* Debug */ = {
			isa = XCBuildConfiguration;
			buildSettings = {
				ALWAYS_SEARCH_USER_PATHS = NO;
				ASSETCATALOG_COMPILER_GENERATE_SWIFT_ASSET_SYMBOL_EXTENSIONS = YES;
				CLANG_ANALYZER_NONNULL = YES;
				CLANG_ANALYZER_NUMBER_OBJECT_CONVERSION = YES_AGGRESSIVE;
				CLANG_CXX_LANGUAGE_STANDARD = "gnu++20";
				CLANG_ENABLE_MODULES = YES;
				CLANG_ENABLE_OBJC_ARC = YES;
				CLANG_ENABLE_OBJC_WEAK = YES;
				CLANG_WARN_BLOCK_CAPTURE_AUTORELEASING = YES;
				CLANG_WARN_BOOL_CONVERSION = YES;
				CLANG_WARN_COMMA = YES;
				CLANG_WARN_CONSTANT_CONVERSION = YES;
				CLANG_WARN_DEPRECATED_OBJC_IMPLEMENTATIONS = YES;
				CLANG_WARN_DIRECT_OBJC_ISA_USAGE = YES_ERROR;
				CLANG_WARN_DOCUMENTATION_COMMENTS = YES;
				CLANG_WARN_EMPTY_BODY = YES;
				CLANG_WARN_ENUM_CONVERSION = YES;
				CLANG_WARN_INFINITE_RECURSION = YES;
				CLANG_WARN_INT_CONVERSION = YES;
				CLANG_WARN_NON_LITERAL_NULL_CONVERSION = YES;
				CLANG_WARN_OBJC_IMPLICIT_RETAIN_SELF = YES;
				CLANG_WARN_OBJC_LITERAL_CONVERSION = YES;
				CLANG_WARN_OBJC_ROOT_CLASS = YES_ERROR;
				CLANG_WARN_QUOTED_INCLUDE_IN_FRAMEWORK_HEADER = YES;
				CLANG_WARN_RANGE_LOOP_ANALYSIS = YES;
				CLANG_WARN_STRICT_PROTOTYPES = YES;
				CLANG_WARN_SUSPICIOUS_MOVE = YES;
				CLANG_WARN_UNGUARDED_AVAILABILITY = YES_AGGRESSIVE;
				CLANG_WARN_UNREACHABLE_CODE = YES;
				CLANG_WARN__DUPLICATE_METHOD_MATCH = YES;
				COPY_PHASE_STRIP = NO;
				DEBUG_INFORMATION_FORMAT = dwarf;
				ENABLE_STRICT_OBJC_MSGSEND = YES;
				ENABLE_TESTABILITY = YES;
				ENABLE_USER_SCRIPT_SANDBOXING = YES;
				GCC_C_LANGUAGE_STANDARD = gnu17;
				GCC_DYNAMIC_NO_PIC = NO;
				GCC_NO_COMMON_BLOCKS = YES;
				GCC_OPTIMIZATION_LEVEL = 0;
				GCC_PREPROCESSOR_DEFINITIONS = (
					"DEBUG=1",
					"$(inherited)",
				);
				GCC_WARN_64_TO_32_BIT_CONVERSION = YES;
				GCC_WARN_ABOUT_RETURN_TYPE = YES_ERROR;
				GCC_WARN_UNDECLARED_SELECTOR = YES;
				GCC_WARN_UNINITIALIZED_AUTOS = YES_AGGRESSIVE;
				GCC_WARN_UNUSED_FUNCTION = YES;
				GCC_WARN_UNUSED_VARIABLE = YES;
				IPHONEOS_DEPLOYMENT_TARGET = 17.4;
				LOCALIZATION_PREFERS_STRING_CATALOGS = YES;
				MTL_ENABLE_DEBUG_INFO = INCLUDE_SOURCE;
				MTL_FAST_MATH = YES;
				ONLY_ACTIVE_ARCH = YES;
				SDKROOT = iphoneos;
				SWIFT_ACTIVE_COMPILATION_CONDITIONS = "DEBUG $(inherited)";
				SWIFT_OPTIMIZATION_LEVEL = "-Onone";
			};
			name = Debug;
		};
		B12437352CF33170004A6305 /* Release */ = {
			isa = XCBuildConfiguration;
			buildSettings = {
				ALWAYS_SEARCH_USER_PATHS = NO;
				ASSETCATALOG_COMPILER_GENERATE_SWIFT_ASSET_SYMBOL_EXTENSIONS = YES;
				CLANG_ANALYZER_NONNULL = YES;
				CLANG_ANALYZER_NUMBER_OBJECT_CONVERSION = YES_AGGRESSIVE;
				CLANG_CXX_LANGUAGE_STANDARD = "gnu++20";
				CLANG_ENABLE_MODULES = YES;
				CLANG_ENABLE_OBJC_ARC = YES;
				CLANG_ENABLE_OBJC_WEAK = YES;
				CLANG_WARN_BLOCK_CAPTURE_AUTORELEASING = YES;
				CLANG_WARN_BOOL_CONVERSION = YES;
				CLANG_WARN_COMMA = YES;
				CLANG_WARN_CONSTANT_CONVERSION = YES;
				CLANG_WARN_DEPRECATED_OBJC_IMPLEMENTATIONS = YES;
				CLANG_WARN_DIRECT_OBJC_ISA_USAGE = YES_ERROR;
				CLANG_WARN_DOCUMENTATION_COMMENTS = YES;
				CLANG_WARN_EMPTY_BODY = YES;
				CLANG_WARN_ENUM_CONVERSION = YES;
				CLANG_WARN_INFINITE_RECURSION = YES;
				CLANG_WARN_INT_CONVERSION = YES;
				CLANG_WARN_NON_LITERAL_NULL_CONVERSION = YES;
				CLANG_WARN_OBJC_IMPLICIT_RETAIN_SELF = YES;
				CLANG_WARN_OBJC_LITERAL_CONVERSION = YES;
				CLANG_WARN_OBJC_ROOT_CLASS = YES_ERROR;
				CLANG_WARN_QUOTED_INCLUDE_IN_FRAMEWORK_HEADER = YES;
				CLANG_WARN_RANGE_LOOP_ANALYSIS = YES;
				CLANG_WARN_STRICT_PROTOTYPES = YES;
				CLANG_WARN_SUSPICIOUS_MOVE = YES;
				CLANG_WARN_UNGUARDED_AVAILABILITY = YES_AGGRESSIVE;
				CLANG_WARN_UNREACHABLE_CODE = YES;
				CLANG_WARN__DUPLICATE_METHOD_MATCH = YES;
				COPY_PHASE_STRIP = NO;
				DEBUG_INFORMATION_FORMAT = "dwarf-with-dsym";
				ENABLE_NS_ASSERTIONS = NO;
				ENABLE_STRICT_OBJC_MSGSEND = YES;
				ENABLE_USER_SCRIPT_SANDBOXING = YES;
				GCC_C_LANGUAGE_STANDARD = gnu17;
				GCC_NO_COMMON_BLOCKS = YES;
				GCC_WARN_64_TO_32_BIT_CONVERSION = YES;
				GCC_WARN_ABOUT_RETURN_TYPE = YES_ERROR;
				GCC_WARN_UNDECLARED_SELECTOR = YES;
				GCC_WARN_UNINITIALIZED_AUTOS = YES_AGGRESSIVE;
				GCC_WARN_UNUSED_FUNCTION = YES;
				GCC_WARN_UNUSED_VARIABLE = YES;
				IPHONEOS_DEPLOYMENT_TARGET = 17.4;
				LOCALIZATION_PREFERS_STRING_CATALOGS = YES;
				MTL_ENABLE_DEBUG_INFO = NO;
				MTL_FAST_MATH = YES;
				SDKROOT = iphoneos;
				SWIFT_COMPILATION_MODE = wholemodule;
				VALIDATE_PRODUCT = YES;
			};
			name = Release;
		};
		B12437372CF33170004A6305 /* Debug */ = {
			isa = XCBuildConfiguration;
			buildSettings = {
				ASSETCATALOG_COMPILER_APPICON_NAME = AppIcon;
				ASSETCATALOG_COMPILER_GLOBAL_ACCENT_COLOR_NAME = AccentColor;
				CODE_SIGN_STYLE = Automatic;
				CURRENT_PROJECT_VERSION = 1;
				DEVELOPMENT_ASSET_PATHS = "\"CircleAnimation/Preview Content\"";
				DEVELOPMENT_TEAM = Q4WH2ZZWCT;
				ENABLE_PREVIEWS = YES;
				GENERATE_INFOPLIST_FILE = YES;
				INFOPLIST_KEY_UIApplicationSceneManifest_Generation = YES;
				INFOPLIST_KEY_UIApplicationSupportsIndirectInputEvents = YES;
				INFOPLIST_KEY_UILaunchScreen_Generation = YES;
				INFOPLIST_KEY_UISupportedInterfaceOrientations_iPad = "UIInterfaceOrientationPortrait UIInterfaceOrientationPortraitUpsideDown UIInterfaceOrientationLandscapeLeft UIInterfaceOrientationLandscapeRight";
				INFOPLIST_KEY_UISupportedInterfaceOrientations_iPhone = "UIInterfaceOrientationPortrait UIInterfaceOrientationLandscapeLeft UIInterfaceOrientationLandscapeRight";
				LD_RUNPATH_SEARCH_PATHS = (
					"$(inherited)",
					"@executable_path/Frameworks",
				);
				MARKETING_VERSION = 1.0;
				PRODUCT_BUNDLE_IDENTIFIER = com.siddharthkothari.CircleAnimation;
				PRODUCT_NAME = "$(TARGET_NAME)";
				SWIFT_EMIT_LOC_STRINGS = YES;
				SWIFT_VERSION = 5.0;
				TARGETED_DEVICE_FAMILY = "1,2";
			};
			name = Debug;
		};
		B12437382CF33170004A6305 /* Release */ = {
			isa = XCBuildConfiguration;
			buildSettings = {
				ASSETCATALOG_COMPILER_APPICON_NAME = AppIcon;
				ASSETCATALOG_COMPILER_GLOBAL_ACCENT_COLOR_NAME = AccentColor;
				CODE_SIGN_STYLE = Automatic;
				CURRENT_PROJECT_VERSION = 1;
				DEVELOPMENT_ASSET_PATHS = "\"CircleAnimation/Preview Content\"";
				DEVELOPMENT_TEAM = Q4WH2ZZWCT;
				ENABLE_PREVIEWS = YES;
				GENERATE_INFOPLIST_FILE = YES;
				INFOPLIST_KEY_UIApplicationSceneManifest_Generation = YES;
				INFOPLIST_KEY_UIApplicationSupportsIndirectInputEvents = YES;
				INFOPLIST_KEY_UILaunchScreen_Generation = YES;
				INFOPLIST_KEY_UISupportedInterfaceOrientations_iPad = "UIInterfaceOrientationPortrait UIInterfaceOrientationPortraitUpsideDown UIInterfaceOrientationLandscapeLeft UIInterfaceOrientationLandscapeRight";
				INFOPLIST_KEY_UISupportedInterfaceOrientations_iPhone = "UIInterfaceOrientationPortrait UIInterfaceOrientationLandscapeLeft UIInterfaceOrientationLandscapeRight";
				LD_RUNPATH_SEARCH_PATHS = (
					"$(inherited)",
					"@executable_path/Frameworks",
				);
				MARKETING_VERSION = 1.0;
				PRODUCT_BUNDLE_IDENTIFIER = com.siddharthkothari.CircleAnimation;
				PRODUCT_NAME = "$(TARGET_NAME)";
				SWIFT_EMIT_LOC_STRINGS = YES;
				SWIFT_VERSION = 5.0;
				TARGETED_DEVICE_FAMILY = "1,2";
			};
			name = Release;
		};
		B124373A2CF33170004A6305 /* Debug */ = {
			isa = XCBuildConfiguration;
			buildSettings = {
				ALWAYS_EMBED_SWIFT_STANDARD_LIBRARIES = YES;
				BUNDLE_LOADER = "$(TEST_HOST)";
				CODE_SIGN_STYLE = Automatic;
				CURRENT_PROJECT_VERSION = 1;
				DEVELOPMENT_TEAM = Q4WH2ZZWCT;
				GENERATE_INFOPLIST_FILE = YES;
				IPHONEOS_DEPLOYMENT_TARGET = 17.4;
				MARKETING_VERSION = 1.0;
				PRODUCT_BUNDLE_IDENTIFIER = com.siddharthkothari.CircleAnimationTests;
				PRODUCT_NAME = "$(TARGET_NAME)";
				SWIFT_EMIT_LOC_STRINGS = NO;
				SWIFT_VERSION = 5.0;
				TARGETED_DEVICE_FAMILY = "1,2";
				TEST_HOST = "$(BUILT_PRODUCTS_DIR)/CircleAnimation.app/$(BUNDLE_EXECUTABLE_FOLDER_PATH)/CircleAnimation";
			};
			name = Debug;
		};
		B124373B2CF33170004A6305 /* Release */ = {
			isa = XCBuildConfiguration;
			buildSettings = {
				ALWAYS_EMBED_SWIFT_STANDARD_LIBRARIES = YES;
				BUNDLE_LOADER = "$(TEST_HOST)";
				CODE_SIGN_STYLE = Automatic;
				CURRENT_PROJECT_VERSION = 1;
				DEVELOPMENT_TEAM = Q4WH2ZZWCT;
				GENERATE_INFOPLIST_FILE = YES;
				IPHONEOS_DEPLOYMENT_TARGET = 17.4;
				MARKETING_VERSION = 1.0;
				PRODUCT_BUNDLE_IDENTIFIER = com.siddharthkothari.CircleAnimationTests;
				PRODUCT_NAME = "$(TARGET_NAME)";
				SWIFT_EMIT_LOC_STRINGS = NO;
				SWIFT_VERSION = 5.0;
				TARGETED_DEVICE_FAMILY = "1,2";
				TEST_HOST = "$(BUILT_PRODUCTS_DIR)/CircleAnimation.app/$(BUNDLE_EXECUTABLE_FOLDER_PATH)/CircleAnimation";
			};
			name = Release;
		};
		B124373D2CF33170004A6305 /* Debug */ = {
			isa = XCBuildConfiguration;
			buildSettings = {
				ALWAYS_EMBED_SWIFT_STANDARD_LIBRARIES = YES;
				CODE_SIGN_STYLE = Automatic;
				CURRENT_PROJECT_VERSION = 1;
				DEVELOPMENT_TEAM = Q4WH2ZZWCT;
				GENERATE_INFOPLIST_FILE = YES;
				MARKETING_VERSION = 1.0;
				PRODUCT_BUNDLE_IDENTIFIER = com.siddharthkothari.CircleAnimationUITests;
				PRODUCT_NAME = "$(TARGET_NAME)";
				SWIFT_EMIT_LOC_STRINGS = NO;
				SWIFT_VERSION = 5.0;
				TARGETED_DEVICE_FAMILY = "1,2";
				TEST_TARGET_NAME = CircleAnimation;
			};
			name = Debug;
		};
		B124373E2CF33170004A6305 /* Release */ = {
			isa = XCBuildConfiguration;
			buildSettings = {
				ALWAYS_EMBED_SWIFT_STANDARD_LIBRARIES = YES;
				CODE_SIGN_STYLE = Automatic;
				CURRENT_PROJECT_VERSION = 1;
				DEVELOPMENT_TEAM = Q4WH2ZZWCT;
				GENERATE_INFOPLIST_FILE = YES;
				MARKETING_VERSION = 1.0;
				PRODUCT_BUNDLE_IDENTIFIER = com.siddharthkothari.CircleAnimationUITests;
				PRODUCT_NAME = "$(TARGET_NAME)";
				SWIFT_EMIT_LOC_STRINGS = NO;
				SWIFT_VERSION = 5.0;
				TARGETED_DEVICE_FAMILY = "1,2";
				TEST_TARGET_NAME = CircleAnimation;
			};
			name = Release;
		};
/* End XCBuildConfiguration section */

/* Begin XCConfigurationList section */
		B124370D2CF3316C004A6305 /* Build configuration list for PBXProject "CircleAnimation" */ = {
			isa = XCConfigurationList;
			buildConfigurations = (
				B12437342CF33170004A6305 /* Debug */,
				B12437352CF33170004A6305 /* Release */,
			);
			defaultConfigurationIsVisible = 0;
			defaultConfigurationName = Release;
		};
		B12437362CF33170004A6305 /* Build configuration list for PBXNativeTarget "CircleAnimation" */ = {
			isa = XCConfigurationList;
			buildConfigurations = (
				B12437372CF33170004A6305 /* Debug */,
				B12437382CF33170004A6305 /* Release */,
			);
			defaultConfigurationIsVisible = 0;
			defaultConfigurationName = Release;
		};
		B12437392CF33170004A6305 /* Build configuration list for PBXNativeTarget "CircleAnimationTests" */ = {
			isa = XCConfigurationList;
			buildConfigurations = (
				B124373A2CF33170004A6305 /* Debug */,
				B124373B2CF33170004A6305 /* Release */,
			);
			defaultConfigurationIsVisible = 0;
			defaultConfigurationName = Release;
		};
		B124373C2CF33170004A6305 /* Build configuration list for PBXNativeTarget "CircleAnimationUITests" */ = {
			isa = XCConfigurationList;
			buildConfigurations = (
				B124373D2CF33170004A6305 /* Debug */,
				B124373E2CF33170004A6305 /* Release */,
			);
			defaultConfigurationIsVisible = 0;
			defaultConfigurationName = Release;
		};
/* End XCConfigurationList section */
	};
	rootObject = B124370A2CF3316C004A6305 /* Project object */;
}
