// !$*UTF8*$!
{
	archiveVersion = 1;
	classes = {
	};
	objectVersion = 56;
	objects = {

/* Begin PBXBuildFile section */
		B1FE5DFA2CDF70B50039B257 /* RotatingCardApp.swift in Sources */ = {isa = PBXBuildFile; fileRef = B1FE5DF92CDF70B50039B257 /* RotatingCardApp.swift */; };
		B1FE5DFC2CDF70B50039B257 /* ContentView.swift in Sources */ = {isa = PBXBuildFile; fileRef = B1FE5DFB2CDF70B50039B257 /* ContentView.swift */; };
		B1FE5DFE2CDF70B80039B257 /* Assets.xcassets in Resources */ = {isa = PBXBuildFile; fileRef = B1FE5DFD2CDF70B80039B257 /* Assets.xcassets */; };
		B1FE5E012CDF70B80039B257 /* Preview Assets.xcassets in Resources */ = {isa = PBXBuildFile; fileRef = B1FE5E002CDF70B80039B257 /* Preview Assets.xcassets */; };
		B1FE5E0B2CDF70B80039B257 /* RotatingCardTests.swift in Sources */ = {isa = PBXBuildFile; fileRef = B1FE5E0A2CDF70B80039B257 /* RotatingCardTests.swift */; };
		B1FE5E152CDF70B80039B257 /* RotatingCardUITests.swift in Sources */ = {isa = PBXBuildFile; fileRef = B1FE5E142CDF70B80039B257 /* RotatingCardUITests.swift */; };
		B1FE5E172CDF70B80039B257 /* RotatingCardUITestsLaunchTests.swift in Sources */ = {isa = PBXBuildFile; fileRef = B1FE5E162CDF70B80039B257 /* RotatingCardUITestsLaunchTests.swift */; };
		B1FE5E242CDF72600039B257 /* RotatingCardView.swift in Sources */ = {isa = PBXBuildFile; fileRef = B1FE5E232CDF725F0039B257 /* RotatingCardView.swift */; };
/* End PBXBuildFile section */

/* Begin PBXContainerItemProxy section */
		B1FE5E072CDF70B80039B257 /* PBXContainerItemProxy */ = {
			isa = PBXContainerItemProxy;
			containerPortal = B1FE5DEE2CDF70B50039B257 /* Project object */;
			proxyType = 1;
			remoteGlobalIDString = B1FE5DF52CDF70B50039B257;
			remoteInfo = RotatingCard;
		};
		B1FE5E112CDF70B80039B257 /* PBXContainerItemProxy */ = {
			isa = PBXContainerItemProxy;
			containerPortal = B1FE5DEE2CDF70B50039B257 /* Project object */;
			proxyType = 1;
			remoteGlobalIDString = B1FE5DF52CDF70B50039B257;
			remoteInfo = RotatingCard;
		};
/* End PBXContainerItemProxy section */

/* Begin PBXFileReference section */
		B1FE5DF62CDF70B50039B257 /* RotatingCard.app */ = {isa = PBXFileReference; explicitFileType = wrapper.application; includeInIndex = 0; path = RotatingCard.app; sourceTree = BUILT_PRODUCTS_DIR; };
		B1FE5DF92CDF70B50039B257 /* RotatingCardApp.swift */ = {isa = PBXFileReference; lastKnownFileType = sourcecode.swift; path = RotatingCardApp.swift; sourceTree = "<group>"; };
		B1FE5DFB2CDF70B50039B257 /* ContentView.swift */ = {isa = PBXFileReference; lastKnownFileType = sourcecode.swift; path = ContentView.swift; sourceTree = "<group>"; };
		B1FE5DFD2CDF70B80039B257 /* Assets.xcassets */ = {isa = PBXFileReference; lastKnownFileType = folder.assetcatalog; path = Assets.xcassets; sourceTree = "<group>"; };
		B1FE5E002CDF70B80039B257 /* Preview Assets.xcassets */ = {isa = PBXFileReference; lastKnownFileType = folder.assetcatalog; path = "Preview Assets.xcassets"; sourceTree = "<group>"; };
		B1FE5E062CDF70B80039B257 /* RotatingCardTests.xctest */ = {isa = PBXFileReference; explicitFileType = wrapper.cfbundle; includeInIndex = 0; path = RotatingCardTests.xctest; sourceTree = BUILT_PRODUCTS_DIR; };
		B1FE5E0A2CDF70B80039B257 /* RotatingCardTests.swift */ = {isa = PBXFileReference; lastKnownFileType = sourcecode.swift; path = RotatingCardTests.swift; sourceTree = "<group>"; };
		B1FE5E102CDF70B80039B257 /* RotatingCardUITests.xctest */ = {isa = PBXFileReference; explicitFileType = wrapper.cfbundle; includeInIndex = 0; path = RotatingCardUITests.xctest; sourceTree = BUILT_PRODUCTS_DIR; };
		B1FE5E142CDF70B80039B257 /* RotatingCardUITests.swift */ = {isa = PBXFileReference; lastKnownFileType = sourcecode.swift; path = RotatingCardUITests.swift; sourceTree = "<group>"; };
		B1FE5E162CDF70B80039B257 /* RotatingCardUITestsLaunchTests.swift */ = {isa = PBXFileReference; lastKnownFileType = sourcecode.swift; path = RotatingCardUITestsLaunchTests.swift; sourceTree = "<group>"; };
		B1FE5E232CDF725F0039B257 /* RotatingCardView.swift */ = {isa = PBXFileReference; lastKnownFileType = sourcecode.swift; path = RotatingCardView.swift; sourceTree = "<group>"; };
/* End PBXFileReference section */

/* Begin PBXFrameworksBuildPhase section */
		B1FE5DF32CDF70B50039B257 /* Frameworks */ = {
			isa = PBXFrameworksBuildPhase;
			buildActionMask = 2147483647;
			files = (
			);
			runOnlyForDeploymentPostprocessing = 0;
		};
		B1FE5E032CDF70B80039B257 /* Frameworks */ = {
			isa = PBXFrameworksBuildPhase;
			buildActionMask = 2147483647;
			files = (
			);
			runOnlyForDeploymentPostprocessing = 0;
		};
		B1FE5E0D2CDF70B80039B257 /* Frameworks */ = {
			isa = PBXFrameworksBuildPhase;
			buildActionMask = 2147483647;
			files = (
			);
			runOnlyForDeploymentPostprocessing = 0;
		};
/* End PBXFrameworksBuildPhase section */

/* Begin PBXGroup section */
		B1FE5DED2CDF70B50039B257 = {
			isa = PBXGroup;
			children = (
				B1FE5DF82CDF70B50039B257 /* RotatingCard */,
				B1FE5E092CDF70B80039B257 /* RotatingCardTests */,
				B1FE5E132CDF70B80039B257 /* RotatingCardUITests */,
				B1FE5DF72CDF70B50039B257 /* Products */,
			);
			sourceTree = "<group>";
		};
		B1FE5DF72CDF70B50039B257 /* Products */ = {
			isa = PBXGroup;
			children = (
				B1FE5DF62CDF70B50039B257 /* RotatingCard.app */,
				B1FE5E062CDF70B80039B257 /* RotatingCardTests.xctest */,
				B1FE5E102CDF70B80039B257 /* RotatingCardUITests.xctest */,
			);
			name = Products;
			sourceTree = "<group>";
		};
		B1FE5DF82CDF70B50039B257 /* RotatingCard */ = {
			isa = PBXGroup;
			children = (
				B1FE5DF92CDF70B50039B257 /* RotatingCardApp.swift */,
				B1FE5DFB2CDF70B50039B257 /* ContentView.swift */,
				B1FE5E232CDF725F0039B257 /* RotatingCardView.swift */,
				B1FE5DFD2CDF70B80039B257 /* Assets.xcassets */,
				B1FE5DFF2CDF70B80039B257 /* Preview Content */,
			);
			path = RotatingCard;
			sourceTree = "<group>";
		};
		B1FE5DFF2CDF70B80039B257 /* Preview Content */ = {
			isa = PBXGroup;
			children = (
				B1FE5E002CDF70B80039B257 /* Preview Assets.xcassets */,
			);
			path = "Preview Content";
			sourceTree = "<group>";
		};
		B1FE5E092CDF70B80039B257 /* RotatingCardTests */ = {
			isa = PBXGroup;
			children = (
				B1FE5E0A2CDF70B80039B257 /* RotatingCardTests.swift */,
			);
			path = RotatingCardTests;
			sourceTree = "<group>";
		};
		B1FE5E132CDF70B80039B257 /* RotatingCardUITests */ = {
			isa = PBXGroup;
			children = (
				B1FE5E142CDF70B80039B257 /* RotatingCardUITests.swift */,
				B1FE5E162CDF70B80039B257 /* RotatingCardUITestsLaunchTests.swift */,
			);
			path = RotatingCardUITests;
			sourceTree = "<group>";
		};
/* End PBXGroup section */

/* Begin PBXNativeTarget section */
		B1FE5DF52CDF70B50039B257 /* RotatingCard */ = {
			isa = PBXNativeTarget;
			buildConfigurationList = B1FE5E1A2CDF70B80039B257 /* Build configuration list for PBXNativeTarget "RotatingCard" */;
			buildPhases = (
				B1FE5DF22CDF70B50039B257 /* Sources */,
				B1FE5DF32CDF70B50039B257 /* Frameworks */,
				B1FE5DF42CDF70B50039B257 /* Resources */,
			);
			buildRules = (
			);
			dependencies = (
			);
			name = RotatingCard;
			productName = RotatingCard;
			productReference = B1FE5DF62CDF70B50039B257 /* RotatingCard.app */;
			productType = "com.apple.product-type.application";
		};
		B1FE5E052CDF70B80039B257 /* RotatingCardTests */ = {
			isa = PBXNativeTarget;
			buildConfigurationList = B1FE5E1D2CDF70B80039B257 /* Build configuration list for PBXNativeTarget "RotatingCardTests" */;
			buildPhases = (
				B1FE5E022CDF70B80039B257 /* Sources */,
				B1FE5E032CDF70B80039B257 /* Frameworks */,
				B1FE5E042CDF70B80039B257 /* Resources */,
			);
			buildRules = (
			);
			dependencies = (
				B1FE5E082CDF70B80039B257 /* PBXTargetDependency */,
			);
			name = RotatingCardTests;
			productName = RotatingCardTests;
			productReference = B1FE5E062CDF70B80039B257 /* RotatingCardTests.xctest */;
			productType = "com.apple.product-type.bundle.unit-test";
		};
		B1FE5E0F2CDF70B80039B257 /* RotatingCardUITests */ = {
			isa = PBXNativeTarget;
			buildConfigurationList = B1FE5E202CDF70B80039B257 /* Build configuration list for PBXNativeTarget "RotatingCardUITests" */;
			buildPhases = (
				B1FE5E0C2CDF70B80039B257 /* Sources */,
				B1FE5E0D2CDF70B80039B257 /* Frameworks */,
				B1FE5E0E2CDF70B80039B257 /* Resources */,
			);
			buildRules = (
			);
			dependencies = (
				B1FE5E122CDF70B80039B257 /* PBXTargetDependency */,
			);
			name = RotatingCardUITests;
			productName = RotatingCardUITests;
			productReference = B1FE5E102CDF70B80039B257 /* RotatingCardUITests.xctest */;
			productType = "com.apple.product-type.bundle.ui-testing";
		};
/* End PBXNativeTarget section */

/* Begin PBXProject section */
		B1FE5DEE2CDF70B50039B257 /* Project object */ = {
			isa = PBXProject;
			attributes = {
				BuildIndependentTargetsInParallel = 1;
				LastSwiftUpdateCheck = 1530;
				LastUpgradeCheck = 1530;
				TargetAttributes = {
					B1FE5DF52CDF70B50039B257 = {
						CreatedOnToolsVersion = 15.3;
					};
					B1FE5E052CDF70B80039B257 = {
						CreatedOnToolsVersion = 15.3;
						TestTargetID = B1FE5DF52CDF70B50039B257;
					};
					B1FE5E0F2CDF70B80039B257 = {
						CreatedOnToolsVersion = 15.3;
						TestTargetID = B1FE5DF52CDF70B50039B257;
					};
				};
			};
			buildConfigurationList = B1FE5DF12CDF70B50039B257 /* Build configuration list for PBXProject "RotatingCard" */;
			compatibilityVersion = "Xcode 14.0";
			developmentRegion = en;
			hasScannedForEncodings = 0;
			knownRegions = (
				en,
				Base,
			);
			mainGroup = B1FE5DED2CDF70B50039B257;
			productRefGroup = B1FE5DF72CDF70B50039B257 /* Products */;
			projectDirPath = "";
			projectRoot = "";
			targets = (
				B1FE5DF52CDF70B50039B257 /* RotatingCard */,
				B1FE5E052CDF70B80039B257 /* RotatingCardTests */,
				B1FE5E0F2CDF70B80039B257 /* RotatingCardUITests */,
			);
		};
/* End PBXProject section */

/* Begin PBXResourcesBuildPhase section */
		B1FE5DF42CDF70B50039B257 /* Resources */ = {
			isa = PBXResourcesBuildPhase;
			buildActionMask = 2147483647;
			files = (
				B1FE5E012CDF70B80039B257 /* Preview Assets.xcassets in Resources */,
				B1FE5DFE2CDF70B80039B257 /* Assets.xcassets in Resources */,
			);
			runOnlyForDeploymentPostprocessing = 0;
		};
		B1FE5E042CDF70B80039B257 /* Resources */ = {
			isa = PBXResourcesBuildPhase;
			buildActionMask = 2147483647;
			files = (
			);
			runOnlyForDeploymentPostprocessing = 0;
		};
		B1FE5E0E2CDF70B80039B257 /* Resources */ = {
			isa = PBXResourcesBuildPhase;
			buildActionMask = 2147483647;
			files = (
			);
			runOnlyForDeploymentPostprocessing = 0;
		};
/* End PBXResourcesBuildPhase section */

/* Begin PBXSourcesBuildPhase section */
		B1FE5DF22CDF70B50039B257 /* Sources */ = {
			isa = PBXSourcesBuildPhase;
			buildActionMask = 2147483647;
			files = (
				B1FE5DFC2CDF70B50039B257 /* ContentView.swift in Sources */,
				B1FE5E242CDF72600039B257 /* RotatingCardView.swift in Sources */,
				B1FE5DFA2CDF70B50039B257 /* RotatingCardApp.swift in Sources */,
			);
			runOnlyForDeploymentPostprocessing = 0;
		};
		B1FE5E022CDF70B80039B257 /* Sources */ = {
			isa = PBXSourcesBuildPhase;
			buildActionMask = 2147483647;
			files = (
				B1FE5E0B2CDF70B80039B257 /* RotatingCardTests.swift in Sources */,
			);
			runOnlyForDeploymentPostprocessing = 0;
		};
		B1FE5E0C2CDF70B80039B257 /* Sources */ = {
			isa = PBXSourcesBuildPhase;
			buildActionMask = 2147483647;
			files = (
				B1FE5E172CDF70B80039B257 /* RotatingCardUITestsLaunchTests.swift in Sources */,
				B1FE5E152CDF70B80039B257 /* RotatingCardUITests.swift in Sources */,
			);
			runOnlyForDeploymentPostprocessing = 0;
		};
/* End PBXSourcesBuildPhase section */

/* Begin PBXTargetDependency section */
		B1FE5E082CDF70B80039B257 /* PBXTargetDependency */ = {
			isa = PBXTargetDependency;
			target = B1FE5DF52CDF70B50039B257 /* RotatingCard */;
			targetProxy = B1FE5E072CDF70B80039B257 /* PBXContainerItemProxy */;
		};
		B1FE5E122CDF70B80039B257 /* PBXTargetDependency */ = {
			isa = PBXTargetDependency;
			target = B1FE5DF52CDF70B50039B257 /* RotatingCard */;
			targetProxy = B1FE5E112CDF70B80039B257 /* PBXContainerItemProxy */;
		};
/* End PBXTargetDependency section */

/* Begin XCBuildConfiguration section */
		B1FE5E182CDF70B80039B257 /* Debug */ = {
			isa = XCBuildConfiguration;
			buildSettings = {
				ALWAYS_SEARCH_USER_PATHS = NO;
				ASSETCATALOG_COMPILER_GENERATE_SWIFT_ASSET_SYMBOL_EXTENSIONS = YES;
				CLANG_ANALYZER_NONNULL = YES;
				CLANG_ANALYZER_NUMBER_OBJECT_CONVERSION = YES_AGGRESSIVE;
				CLANG_CXX_LANGUAGE_STANDARD = "gnu++20";
				CLANG_ENABLE_MODULES = YES;
				CLANG_ENABLE_OBJC_ARC = YES;
				CLANG_ENABLE_OBJC_WEAK = YES;
				CLANG_WARN_BLOCK_CAPTURE_AUTORELEASING = YES;
				CLANG_WARN_BOOL_CONVERSION = YES;
				CLANG_WARN_COMMA = YES;
				CLANG_WARN_CONSTANT_CONVERSION = YES;
				CLANG_WARN_DEPRECATED_OBJC_IMPLEMENTATIONS = YES;
				CLANG_WARN_DIRECT_OBJC_ISA_USAGE = YES_ERROR;
				CLANG_WARN_DOCUMENTATION_COMMENTS = YES;
				CLANG_WARN_EMPTY_BODY = YES;
				CLANG_WARN_ENUM_CONVERSION = YES;
				CLANG_WARN_INFINITE_RECURSION = YES;
				CLANG_WARN_INT_CONVERSION = YES;
				CLANG_WARN_NON_LITERAL_NULL_CONVERSION = YES;
				CLANG_WARN_OBJC_IMPLICIT_RETAIN_SELF = YES;
				CLANG_WARN_OBJC_LITERAL_CONVERSION = YES;
				CLANG_WARN_OBJC_ROOT_CLASS = YES_ERROR;
				CLANG_WARN_QUOTED_INCLUDE_IN_FRAMEWORK_HEADER = YES;
				CLANG_WARN_RANGE_LOOP_ANALYSIS = YES;
				CLANG_WARN_STRICT_PROTOTYPES = YES;
				CLANG_WARN_SUSPICIOUS_MOVE = YES;
				CLANG_WARN_UNGUARDED_AVAILABILITY = YES_AGGRESSIVE;
				CLANG_WARN_UNREACHABLE_CODE = YES;
				CLANG_WARN__DUPLICATE_METHOD_MATCH = YES;
				COPY_PHASE_STRIP = NO;
				DEBUG_INFORMATION_FORMAT = dwarf;
				ENABLE_STRICT_OBJC_MSGSEND = YES;
				ENABLE_TESTABILITY = YES;
				ENABLE_USER_SCRIPT_SANDBOXING = YES;
				GCC_C_LANGUAGE_STANDARD = gnu17;
				GCC_DYNAMIC_NO_PIC = NO;
				GCC_NO_COMMON_BLOCKS = YES;
				GCC_OPTIMIZATION_LEVEL = 0;
				GCC_PREPROCESSOR_DEFINITIONS = (
					"DEBUG=1",
					"$(inherited)",
				);
				GCC_WARN_64_TO_32_BIT_CONVERSION = YES;
				GCC_WARN_ABOUT_RETURN_TYPE = YES_ERROR;
				GCC_WARN_UNDECLARED_SELECTOR = YES;
				GCC_WARN_UNINITIALIZED_AUTOS = YES_AGGRESSIVE;
				GCC_WARN_UNUSED_FUNCTION = YES;
				GCC_WARN_UNUSED_VARIABLE = YES;
				IPHONEOS_DEPLOYMENT_TARGET = 17.4;
				LOCALIZATION_PREFERS_STRING_CATALOGS = YES;
				MTL_ENABLE_DEBUG_INFO = INCLUDE_SOURCE;
				MTL_FAST_MATH = YES;
				ONLY_ACTIVE_ARCH = YES;
				SDKROOT = iphoneos;
				SWIFT_ACTIVE_COMPILATION_CONDITIONS = "DEBUG $(inherited)";
				SWIFT_OPTIMIZATION_LEVEL = "-Onone";
			};
			name = Debug;
		};
		B1FE5E192CDF70B80039B257 /* Release */ = {
			isa = XCBuildConfiguration;
			buildSettings = {
				ALWAYS_SEARCH_USER_PATHS = NO;
				ASSETCATALOG_COMPILER_GENERATE_SWIFT_ASSET_SYMBOL_EXTENSIONS = YES;
				CLANG_ANALYZER_NONNULL = YES;
				CLANG_ANALYZER_NUMBER_OBJECT_CONVERSION = YES_AGGRESSIVE;
				CLANG_CXX_LANGUAGE_STANDARD = "gnu++20";
				CLANG_ENABLE_MODULES = YES;
				CLANG_ENABLE_OBJC_ARC = YES;
				CLANG_ENABLE_OBJC_WEAK = YES;
				CLANG_WARN_BLOCK_CAPTURE_AUTORELEASING = YES;
				CLANG_WARN_BOOL_CONVERSION = YES;
				CLANG_WARN_COMMA = YES;
				CLANG_WARN_CONSTANT_CONVERSION = YES;
				CLANG_WARN_DEPRECATED_OBJC_IMPLEMENTATIONS = YES;
				CLANG_WARN_DIRECT_OBJC_ISA_USAGE = YES_ERROR;
				CLANG_WARN_DOCUMENTATION_COMMENTS = YES;
				CLANG_WARN_EMPTY_BODY = YES;
				CLANG_WARN_ENUM_CONVERSION = YES;
				CLANG_WARN_INFINITE_RECURSION = YES;
				CLANG_WARN_INT_CONVERSION = YES;
				CLANG_WARN_NON_LITERAL_NULL_CONVERSION = YES;
				CLANG_WARN_OBJC_IMPLICIT_RETAIN_SELF = YES;
				CLANG_WARN_OBJC_LITERAL_CONVERSION = YES;
				CLANG_WARN_OBJC_ROOT_CLASS = YES_ERROR;
				CLANG_WARN_QUOTED_INCLUDE_IN_FRAMEWORK_HEADER = YES;
				CLANG_WARN_RANGE_LOOP_ANALYSIS = YES;
				CLANG_WARN_STRICT_PROTOTYPES = YES;
				CLANG_WARN_SUSPICIOUS_MOVE = YES;
				CLANG_WARN_UNGUARDED_AVAILABILITY = YES_AGGRESSIVE;
				CLANG_WARN_UNREACHABLE_CODE = YES;
				CLANG_WARN__DUPLICATE_METHOD_MATCH = YES;
				COPY_PHASE_STRIP = NO;
				DEBUG_INFORMATION_FORMAT = "dwarf-with-dsym";
				ENABLE_NS_ASSERTIONS = NO;
				ENABLE_STRICT_OBJC_MSGSEND = YES;
				ENABLE_USER_SCRIPT_SANDBOXING = YES;
				GCC_C_LANGUAGE_STANDARD = gnu17;
				GCC_NO_COMMON_BLOCKS = YES;
				GCC_WARN_64_TO_32_BIT_CONVERSION = YES;
				GCC_WARN_ABOUT_RETURN_TYPE = YES_ERROR;
				GCC_WARN_UNDECLARED_SELECTOR = YES;
				GCC_WARN_UNINITIALIZED_AUTOS = YES_AGGRESSIVE;
				GCC_WARN_UNUSED_FUNCTION = YES;
				GCC_WARN_UNUSED_VARIABLE = YES;
				IPHONEOS_DEPLOYMENT_TARGET = 17.4;
				LOCALIZATION_PREFERS_STRING_CATALOGS = YES;
				MTL_ENABLE_DEBUG_INFO = NO;
				MTL_FAST_MATH = YES;
				SDKROOT = iphoneos;
				SWIFT_COMPILATION_MODE = wholemodule;
				VALIDATE_PRODUCT = YES;
			};
			name = Release;
		};
		B1FE5E1B2CDF70B80039B257 /* Debug */ = {
			isa = XCBuildConfiguration;
			buildSettings = {
				ASSETCATALOG_COMPILER_APPICON_NAME = AppIcon;
				ASSETCATALOG_COMPILER_GLOBAL_ACCENT_COLOR_NAME = AccentColor;
				CODE_SIGN_STYLE = Automatic;
				CURRENT_PROJECT_VERSION = 1;
				DEVELOPMENT_ASSET_PATHS = "\"RotatingCard/Preview Content\"";
				DEVELOPMENT_TEAM = Q4WH2ZZWCT;
				ENABLE_PREVIEWS = YES;
				GENERATE_INFOPLIST_FILE = YES;
				INFOPLIST_KEY_UIApplicationSceneManifest_Generation = YES;
				INFOPLIST_KEY_UIApplicationSupportsIndirectInputEvents = YES;
				INFOPLIST_KEY_UILaunchScreen_Generation = YES;
				INFOPLIST_KEY_UISupportedInterfaceOrientations_iPad = "UIInterfaceOrientationPortrait UIInterfaceOrientationPortraitUpsideDown UIInterfaceOrientationLandscapeLeft UIInterfaceOrientationLandscapeRight";
				INFOPLIST_KEY_UISupportedInterfaceOrientations_iPhone = "UIInterfaceOrientationPortrait UIInterfaceOrientationLandscapeLeft UIInterfaceOrientationLandscapeRight";
				LD_RUNPATH_SEARCH_PATHS = (
					"$(inherited)",
					"@executable_path/Frameworks",
				);
				MARKETING_VERSION = 1.0;
				PRODUCT_BUNDLE_IDENTIFIER = com.siddharthkothari.RotatingCard;
				PRODUCT_NAME = "$(TARGET_NAME)";
				SWIFT_EMIT_LOC_STRINGS = YES;
				SWIFT_VERSION = 5.0;
				TARGETED_DEVICE_FAMILY = "1,2";
			};
			name = Debug;
		};
		B1FE5E1C2CDF70B80039B257 /* Release */ = {
			isa = XCBuildConfiguration;
			buildSettings = {
				ASSETCATALOG_COMPILER_APPICON_NAME = AppIcon;
				ASSETCATALOG_COMPILER_GLOBAL_ACCENT_COLOR_NAME = AccentColor;
				CODE_SIGN_STYLE = Automatic;
				CURRENT_PROJECT_VERSION = 1;
				DEVELOPMENT_ASSET_PATHS = "\"RotatingCard/Preview Content\"";
				DEVELOPMENT_TEAM = Q4WH2ZZWCT;
				ENABLE_PREVIEWS = YES;
				GENERATE_INFOPLIST_FILE = YES;
				INFOPLIST_KEY_UIApplicationSceneManifest_Generation = YES;
				INFOPLIST_KEY_UIApplicationSupportsIndirectInputEvents = YES;
				INFOPLIST_KEY_UILaunchScreen_Generation = YES;
				INFOPLIST_KEY_UISupportedInterfaceOrientations_iPad = "UIInterfaceOrientationPortrait UIInterfaceOrientationPortraitUpsideDown UIInterfaceOrientationLandscapeLeft UIInterfaceOrientationLandscapeRight";
				INFOPLIST_KEY_UISupportedInterfaceOrientations_iPhone = "UIInterfaceOrientationPortrait UIInterfaceOrientationLandscapeLeft UIInterfaceOrientationLandscapeRight";
				LD_RUNPATH_SEARCH_PATHS = (
					"$(inherited)",
					"@executable_path/Frameworks",
				);
				MARKETING_VERSION = 1.0;
				PRODUCT_BUNDLE_IDENTIFIER = com.siddharthkothari.RotatingCard;
				PRODUCT_NAME = "$(TARGET_NAME)";
				SWIFT_EMIT_LOC_STRINGS = YES;
				SWIFT_VERSION = 5.0;
				TARGETED_DEVICE_FAMILY = "1,2";
			};
			name = Release;
		};
		B1FE5E1E2CDF70B80039B257 /* Debug */ = {
			isa = XCBuildConfiguration;
			buildSettings = {
				ALWAYS_EMBED_SWIFT_STANDARD_LIBRARIES = YES;
				BUNDLE_LOADER = "$(TEST_HOST)";
				CODE_SIGN_STYLE = Automatic;
				CURRENT_PROJECT_VERSION = 1;
				DEVELOPMENT_TEAM = Q4WH2ZZWCT;
				GENERATE_INFOPLIST_FILE = YES;
				IPHONEOS_DEPLOYMENT_TARGET = 17.4;
				MARKETING_VERSION = 1.0;
				PRODUCT_BUNDLE_IDENTIFIER = com.siddharthkothari.RotatingCardTests;
				PRODUCT_NAME = "$(TARGET_NAME)";
				SWIFT_EMIT_LOC_STRINGS = NO;
				SWIFT_VERSION = 5.0;
				TARGETED_DEVICE_FAMILY = "1,2";
				TEST_HOST = "$(BUILT_PRODUCTS_DIR)/RotatingCard.app/$(BUNDLE_EXECUTABLE_FOLDER_PATH)/RotatingCard";
			};
			name = Debug;
		};
		B1FE5E1F2CDF70B80039B257 /* Release */ = {
			isa = XCBuildConfiguration;
			buildSettings = {
				ALWAYS_EMBED_SWIFT_STANDARD_LIBRARIES = YES;
				BUNDLE_LOADER = "$(TEST_HOST)";
				CODE_SIGN_STYLE = Automatic;
				CURRENT_PROJECT_VERSION = 1;
				DEVELOPMENT_TEAM = Q4WH2ZZWCT;
				GENERATE_INFOPLIST_FILE = YES;
				IPHONEOS_DEPLOYMENT_TARGET = 17.4;
				MARKETING_VERSION = 1.0;
				PRODUCT_BUNDLE_IDENTIFIER = com.siddharthkothari.RotatingCardTests;
				PRODUCT_NAME = "$(TARGET_NAME)";
				SWIFT_EMIT_LOC_STRINGS = NO;
				SWIFT_VERSION = 5.0;
				TARGETED_DEVICE_FAMILY = "1,2";
				TEST_HOST = "$(BUILT_PRODUCTS_DIR)/RotatingCard.app/$(BUNDLE_EXECUTABLE_FOLDER_PATH)/RotatingCard";
			};
			name = Release;
		};
		B1FE5E212CDF70B80039B257 /* Debug */ = {
			isa = XCBuildConfiguration;
			buildSettings = {
				ALWAYS_EMBED_SWIFT_STANDARD_LIBRARIES = YES;
				CODE_SIGN_STYLE = Automatic;
				CURRENT_PROJECT_VERSION = 1;
				DEVELOPMENT_TEAM = Q4WH2ZZWCT;
				GENERATE_INFOPLIST_FILE = YES;
				MARKETING_VERSION = 1.0;
				PRODUCT_BUNDLE_IDENTIFIER = com.siddharthkothari.RotatingCardUITests;
				PRODUCT_NAME = "$(TARGET_NAME)";
				SWIFT_EMIT_LOC_STRINGS = NO;
				SWIFT_VERSION = 5.0;
				TARGETED_DEVICE_FAMILY = "1,2";
				TEST_TARGET_NAME = RotatingCard;
			};
			name = Debug;
		};
		B1FE5E222CDF70B80039B257 /* Release */ = {
			isa = XCBuildConfiguration;
			buildSettings = {
				ALWAYS_EMBED_SWIFT_STANDARD_LIBRARIES = YES;
				CODE_SIGN_STYLE = Automatic;
				CURRENT_PROJECT_VERSION = 1;
				DEVELOPMENT_TEAM = Q4WH2ZZWCT;
				GENERATE_INFOPLIST_FILE = YES;
				MARKETING_VERSION = 1.0;
				PRODUCT_BUNDLE_IDENTIFIER = com.siddharthkothari.RotatingCardUITests;
				PRODUCT_NAME = "$(TARGET_NAME)";
				SWIFT_EMIT_LOC_STRINGS = NO;
				SWIFT_VERSION = 5.0;
				TARGETED_DEVICE_FAMILY = "1,2";
				TEST_TARGET_NAME = RotatingCard;
			};
			name = Release;
		};
/* End XCBuildConfiguration section */

/* Begin XCConfigurationList section */
		B1FE5DF12CDF70B50039B257 /* Build configuration list for PBXProject "RotatingCard" */ = {
			isa = XCConfigurationList;
			buildConfigurations = (
				B1FE5E182CDF70B80039B257 /* Debug */,
				B1FE5E192CDF70B80039B257 /* Release */,
			);
			defaultConfigurationIsVisible = 0;
			defaultConfigurationName = Release;
		};
		B1FE5E1A2CDF70B80039B257 /* Build configuration list for PBXNativeTarget "RotatingCard" */ = {
			isa = XCConfigurationList;
			buildConfigurations = (
				B1FE5E1B2CDF70B80039B257 /* Debug */,
				B1FE5E1C2CDF70B80039B257 /* Release */,
			);
			defaultConfigurationIsVisible = 0;
			defaultConfigurationName = Release;
		};
		B1FE5E1D2CDF70B80039B257 /* Build configuration list for PBXNativeTarget "RotatingCardTests" */ = {
			isa = XCConfigurationList;
			buildConfigurations = (
				B1FE5E1E2CDF70B80039B257 /* Debug */,
				B1FE5E1F2CDF70B80039B257 /* Release */,
			);
			defaultConfigurationIsVisible = 0;
			defaultConfigurationName = Release;
		};
		B1FE5E202CDF70B80039B257 /* Build configuration list for PBXNativeTarget "RotatingCardUITests" */ = {
			isa = XCConfigurationList;
			buildConfigurations = (
				B1FE5E212CDF70B80039B257 /* Debug */,
				B1FE5E222CDF70B80039B257 /* Release */,
			);
			defaultConfigurationIsVisible = 0;
			defaultConfigurationName = Release;
		};
/* End XCConfigurationList section */
	};
	rootObject = B1FE5DEE2CDF70B50039B257 /* Project object */;
}
