// !$*UTF8*$!
{
	archiveVersion = 1;
	classes = {
	};
	objectVersion = 56;
	objects = {

/* Begin PBXBuildFile section */
		B18669672B39E1C6006A3DDD /* NavigationStackApp.swift in Sources */ = {isa = PBXBuildFile; fileRef = B18669662B39E1C6006A3DDD /* NavigationStackApp.swift */; };
		B18669692B39E1C6006A3DDD /* ContentView.swift in Sources */ = {isa = PBXBuildFile; fileRef = B18669682B39E1C6006A3DDD /* ContentView.swift */; };
		B186696B2B39E1C9006A3DDD /* Assets.xcassets in Resources */ = {isa = PBXBuildFile; fileRef = B186696A2B39E1C9006A3DDD /* Assets.xcassets */; };
		B186696E2B39E1C9006A3DDD /* Preview Assets.xcassets in Resources */ = {isa = PBXBuildFile; fileRef = B186696D2B39E1C9006A3DDD /* Preview Assets.xcassets */; };
		B18669782B39E1C9006A3DDD /* NavigationStackTests.swift in Sources */ = {isa = PBXBuildFile; fileRef = B18669772B39E1C9006A3DDD /* NavigationStackTests.swift */; };
		B18669822B39E1C9006A3DDD /* NavigationStackUITests.swift in Sources */ = {isa = PBXBuildFile; fileRef = B18669812B39E1C9006A3DDD /* NavigationStackUITests.swift */; };
		B18669842B39E1C9006A3DDD /* NavigationStackUITestsLaunchTests.swift in Sources */ = {isa = PBXBuildFile; fileRef = B18669832B39E1C9006A3DDD /* NavigationStackUITestsLaunchTests.swift */; };
		B18669912B39E23F006A3DDD /* DataModel.swift in Sources */ = {isa = PBXBuildFile; fileRef = B18669902B39E23F006A3DDD /* DataModel.swift */; };
		B18669932B39E2F9006A3DDD /* FirstScreen.swift in Sources */ = {isa = PBXBuildFile; fileRef = B18669922B39E2F9006A3DDD /* FirstScreen.swift */; };
		B18669952B39E3F6006A3DDD /* SecondScreen.swift in Sources */ = {isa = PBXBuildFile; fileRef = B18669942B39E3F6006A3DDD /* SecondScreen.swift */; };
		B18669972B3A6B13006A3DDD /* LastScreen.swift in Sources */ = {isa = PBXBuildFile; fileRef = B18669962B3A6B13006A3DDD /* LastScreen.swift */; };
		B18669992B3A6D91006A3DDD /* ContentView2.swift in Sources */ = {isa = PBXBuildFile; fileRef = B18669982B3A6D91006A3DDD /* ContentView2.swift */; };
/* End PBXBuildFile section */

/* Begin PBXContainerItemProxy section */
		B18669742B39E1C9006A3DDD /* PBXContainerItemProxy */ = {
			isa = PBXContainerItemProxy;
			containerPortal = B186695B2B39E1C6006A3DDD /* Project object */;
			proxyType = 1;
			remoteGlobalIDString = B18669622B39E1C6006A3DDD;
			remoteInfo = NavigationStack;
		};
		B186697E2B39E1C9006A3DDD /* PBXContainerItemProxy */ = {
			isa = PBXContainerItemProxy;
			containerPortal = B186695B2B39E1C6006A3DDD /* Project object */;
			proxyType = 1;
			remoteGlobalIDString = B18669622B39E1C6006A3DDD;
			remoteInfo = NavigationStack;
		};
/* End PBXContainerItemProxy section */

/* Begin PBXFileReference section */
		B18669632B39E1C6006A3DDD /* NavigationStack.app */ = {isa = PBXFileReference; explicitFileType = wrapper.application; includeInIndex = 0; path = NavigationStack.app; sourceTree = BUILT_PRODUCTS_DIR; };
		B18669662B39E1C6006A3DDD /* NavigationStackApp.swift */ = {isa = PBXFileReference; lastKnownFileType = sourcecode.swift; path = NavigationStackApp.swift; sourceTree = "<group>"; };
		B18669682B39E1C6006A3DDD /* ContentView.swift */ = {isa = PBXFileReference; lastKnownFileType = sourcecode.swift; path = ContentView.swift; sourceTree = "<group>"; };
		B186696A2B39E1C9006A3DDD /* Assets.xcassets */ = {isa = PBXFileReference; lastKnownFileType = folder.assetcatalog; path = Assets.xcassets; sourceTree = "<group>"; };
		B186696D2B39E1C9006A3DDD /* Preview Assets.xcassets */ = {isa = PBXFileReference; lastKnownFileType = folder.assetcatalog; path = "Preview Assets.xcassets"; sourceTree = "<group>"; };
		B18669732B39E1C9006A3DDD /* NavigationStackTests.xctest */ = {isa = PBXFileReference; explicitFileType = wrapper.cfbundle; includeInIndex = 0; path = NavigationStackTests.xctest; sourceTree = BUILT_PRODUCTS_DIR; };
		B18669772B39E1C9006A3DDD /* NavigationStackTests.swift */ = {isa = PBXFileReference; lastKnownFileType = sourcecode.swift; path = NavigationStackTests.swift; sourceTree = "<group>"; };
		B186697D2B39E1C9006A3DDD /* NavigationStackUITests.xctest */ = {isa = PBXFileReference; explicitFileType = wrapper.cfbundle; includeInIndex = 0; path = NavigationStackUITests.xctest; sourceTree = BUILT_PRODUCTS_DIR; };
		B18669812B39E1C9006A3DDD /* NavigationStackUITests.swift */ = {isa = PBXFileReference; lastKnownFileType = sourcecode.swift; path = NavigationStackUITests.swift; sourceTree = "<group>"; };
		B18669832B39E1C9006A3DDD /* NavigationStackUITestsLaunchTests.swift */ = {isa = PBXFileReference; lastKnownFileType = sourcecode.swift; path = NavigationStackUITestsLaunchTests.swift; sourceTree = "<group>"; };
		B18669902B39E23F006A3DDD /* DataModel.swift */ = {isa = PBXFileReference; lastKnownFileType = sourcecode.swift; path = DataModel.swift; sourceTree = "<group>"; };
		B18669922B39E2F9006A3DDD /* FirstScreen.swift */ = {isa = PBXFileReference; lastKnownFileType = sourcecode.swift; path = FirstScreen.swift; sourceTree = "<group>"; };
		B18669942B39E3F6006A3DDD /* SecondScreen.swift */ = {isa = PBXFileReference; lastKnownFileType = sourcecode.swift; path = SecondScreen.swift; sourceTree = "<group>"; };
		B18669962B3A6B13006A3DDD /* LastScreen.swift */ = {isa = PBXFileReference; lastKnownFileType = sourcecode.swift; path = LastScreen.swift; sourceTree = "<group>"; };
		B18669982B3A6D91006A3DDD /* ContentView2.swift */ = {isa = PBXFileReference; lastKnownFileType = sourcecode.swift; path = ContentView2.swift; sourceTree = "<group>"; };
/* End PBXFileReference section */

/* Begin PBXFrameworksBuildPhase section */
		B18669602B39E1C6006A3DDD /* Frameworks */ = {
			isa = PBXFrameworksBuildPhase;
			buildActionMask = 2147483647;
			files = (
			);
			runOnlyForDeploymentPostprocessing = 0;
		};
		B18669702B39E1C9006A3DDD /* Frameworks */ = {
			isa = PBXFrameworksBuildPhase;
			buildActionMask = 2147483647;
			files = (
			);
			runOnlyForDeploymentPostprocessing = 0;
		};
		B186697A2B39E1C9006A3DDD /* Frameworks */ = {
			isa = PBXFrameworksBuildPhase;
			buildActionMask = 2147483647;
			files = (
			);
			runOnlyForDeploymentPostprocessing = 0;
		};
/* End PBXFrameworksBuildPhase section */

/* Begin PBXGroup section */
		B186695A2B39E1C6006A3DDD = {
			isa = PBXGroup;
			children = (
				B18669652B39E1C6006A3DDD /* NavigationStack */,
				B18669762B39E1C9006A3DDD /* NavigationStackTests */,
				B18669802B39E1C9006A3DDD /* NavigationStackUITests */,
				B18669642B39E1C6006A3DDD /* Products */,
			);
			sourceTree = "<group>";
		};
		B18669642B39E1C6006A3DDD /* Products */ = {
			isa = PBXGroup;
			children = (
				B18669632B39E1C6006A3DDD /* NavigationStack.app */,
				B18669732B39E1C9006A3DDD /* NavigationStackTests.xctest */,
				B186697D2B39E1C9006A3DDD /* NavigationStackUITests.xctest */,
			);
			name = Products;
			sourceTree = "<group>";
		};
		B18669652B39E1C6006A3DDD /* NavigationStack */ = {
			isa = PBXGroup;
			children = (
				B18669662B39E1C6006A3DDD /* NavigationStackApp.swift */,
				B18669682B39E1C6006A3DDD /* ContentView.swift */,
				B18669982B3A6D91006A3DDD /* ContentView2.swift */,
				B18669902B39E23F006A3DDD /* DataModel.swift */,
				B18669922B39E2F9006A3DDD /* FirstScreen.swift */,
				B18669942B39E3F6006A3DDD /* SecondScreen.swift */,
				B18669962B3A6B13006A3DDD /* LastScreen.swift */,
				B186696A2B39E1C9006A3DDD /* Assets.xcassets */,
				B186696C2B39E1C9006A3DDD /* Preview Content */,
			);
			path = NavigationStack;
			sourceTree = "<group>";
		};
		B186696C2B39E1C9006A3DDD /* Preview Content */ = {
			isa = PBXGroup;
			children = (
				B186696D2B39E1C9006A3DDD /* Preview Assets.xcassets */,
			);
			path = "Preview Content";
			sourceTree = "<group>";
		};
		B18669762B39E1C9006A3DDD /* NavigationStackTests */ = {
			isa = PBXGroup;
			children = (
				B18669772B39E1C9006A3DDD /* NavigationStackTests.swift */,
			);
			path = NavigationStackTests;
			sourceTree = "<group>";
		};
		B18669802B39E1C9006A3DDD /* NavigationStackUITests */ = {
			isa = PBXGroup;
			children = (
				B18669812B39E1C9006A3DDD /* NavigationStackUITests.swift */,
				B18669832B39E1C9006A3DDD /* NavigationStackUITestsLaunchTests.swift */,
			);
			path = NavigationStackUITests;
			sourceTree = "<group>";
		};
/* End PBXGroup section */

/* Begin PBXNativeTarget section */
		B18669622B39E1C6006A3DDD /* NavigationStack */ = {
			isa = PBXNativeTarget;
			buildConfigurationList = B18669872B39E1C9006A3DDD /* Build configuration list for PBXNativeTarget "NavigationStack" */;
			buildPhases = (
				B186695F2B39E1C6006A3DDD /* Sources */,
				B18669602B39E1C6006A3DDD /* Frameworks */,
				B18669612B39E1C6006A3DDD /* Resources */,
			);
			buildRules = (
			);
			dependencies = (
			);
			name = NavigationStack;
			productName = NavigationStack;
			productReference = B18669632B39E1C6006A3DDD /* NavigationStack.app */;
			productType = "com.apple.product-type.application";
		};
		B18669722B39E1C9006A3DDD /* NavigationStackTests */ = {
			isa = PBXNativeTarget;
			buildConfigurationList = B186698A2B39E1C9006A3DDD /* Build configuration list for PBXNativeTarget "NavigationStackTests" */;
			buildPhases = (
				B186696F2B39E1C9006A3DDD /* Sources */,
				B18669702B39E1C9006A3DDD /* Frameworks */,
				B18669712B39E1C9006A3DDD /* Resources */,
			);
			buildRules = (
			);
			dependencies = (
				B18669752B39E1C9006A3DDD /* PBXTargetDependency */,
			);
			name = NavigationStackTests;
			productName = NavigationStackTests;
			productReference = B18669732B39E1C9006A3DDD /* NavigationStackTests.xctest */;
			productType = "com.apple.product-type.bundle.unit-test";
		};
		B186697C2B39E1C9006A3DDD /* NavigationStackUITests */ = {
			isa = PBXNativeTarget;
			buildConfigurationList = B186698D2B39E1C9006A3DDD /* Build configuration list for PBXNativeTarget "NavigationStackUITests" */;
			buildPhases = (
				B18669792B39E1C9006A3DDD /* Sources */,
				B186697A2B39E1C9006A3DDD /* Frameworks */,
				B186697B2B39E1C9006A3DDD /* Resources */,
			);
			buildRules = (
			);
			dependencies = (
				B186697F2B39E1C9006A3DDD /* PBXTargetDependency */,
			);
			name = NavigationStackUITests;
			productName = NavigationStackUITests;
			productReference = B186697D2B39E1C9006A3DDD /* NavigationStackUITests.xctest */;
			productType = "com.apple.product-type.bundle.ui-testing";
		};
/* End PBXNativeTarget section */

/* Begin PBXProject section */
		B186695B2B39E1C6006A3DDD /* Project object */ = {
			isa = PBXProject;
			attributes = {
				BuildIndependentTargetsInParallel = 1;
				LastSwiftUpdateCheck = 1500;
				LastUpgradeCheck = 1500;
				TargetAttributes = {
					B18669622B39E1C6006A3DDD = {
						CreatedOnToolsVersion = 15.0;
					};
					B18669722B39E1C9006A3DDD = {
						CreatedOnToolsVersion = 15.0;
						TestTargetID = B18669622B39E1C6006A3DDD;
					};
					B186697C2B39E1C9006A3DDD = {
						CreatedOnToolsVersion = 15.0;
						TestTargetID = B18669622B39E1C6006A3DDD;
					};
				};
			};
			buildConfigurationList = B186695E2B39E1C6006A3DDD /* Build configuration list for PBXProject "NavigationStack" */;
			compatibilityVersion = "Xcode 14.0";
			developmentRegion = en;
			hasScannedForEncodings = 0;
			knownRegions = (
				en,
				Base,
			);
			mainGroup = B186695A2B39E1C6006A3DDD;
			productRefGroup = B18669642B39E1C6006A3DDD /* Products */;
			projectDirPath = "";
			projectRoot = "";
			targets = (
				B18669622B39E1C6006A3DDD /* NavigationStack */,
				B18669722B39E1C9006A3DDD /* NavigationStackTests */,
				B186697C2B39E1C9006A3DDD /* NavigationStackUITests */,
			);
		};
/* End PBXProject section */

/* Begin PBXResourcesBuildPhase section */
		B18669612B39E1C6006A3DDD /* Resources */ = {
			isa = PBXResourcesBuildPhase;
			buildActionMask = 2147483647;
			files = (
				B186696E2B39E1C9006A3DDD /* Preview Assets.xcassets in Resources */,
				B186696B2B39E1C9006A3DDD /* Assets.xcassets in Resources */,
			);
			runOnlyForDeploymentPostprocessing = 0;
		};
		B18669712B39E1C9006A3DDD /* Resources */ = {
			isa = PBXResourcesBuildPhase;
			buildActionMask = 2147483647;
			files = (
			);
			runOnlyForDeploymentPostprocessing = 0;
		};
		B186697B2B39E1C9006A3DDD /* Resources */ = {
			isa = PBXResourcesBuildPhase;
			buildActionMask = 2147483647;
			files = (
			);
			runOnlyForDeploymentPostprocessing = 0;
		};
/* End PBXResourcesBuildPhase section */

/* Begin PBXSourcesBuildPhase section */
		B186695F2B39E1C6006A3DDD /* Sources */ = {
			isa = PBXSourcesBuildPhase;
			buildActionMask = 2147483647;
			files = (
				B18669932B39E2F9006A3DDD /* FirstScreen.swift in Sources */,
				B18669972B3A6B13006A3DDD /* LastScreen.swift in Sources */,
				B18669692B39E1C6006A3DDD /* ContentView.swift in Sources */,
				B18669672B39E1C6006A3DDD /* NavigationStackApp.swift in Sources */,
				B18669992B3A6D91006A3DDD /* ContentView2.swift in Sources */,
				B18669912B39E23F006A3DDD /* DataModel.swift in Sources */,
				B18669952B39E3F6006A3DDD /* SecondScreen.swift in Sources */,
			);
			runOnlyForDeploymentPostprocessing = 0;
		};
		B186696F2B39E1C9006A3DDD /* Sources */ = {
			isa = PBXSourcesBuildPhase;
			buildActionMask = 2147483647;
			files = (
				B18669782B39E1C9006A3DDD /* NavigationStackTests.swift in Sources */,
			);
			runOnlyForDeploymentPostprocessing = 0;
		};
		B18669792B39E1C9006A3DDD /* Sources */ = {
			isa = PBXSourcesBuildPhase;
			buildActionMask = 2147483647;
			files = (
				B18669822B39E1C9006A3DDD /* NavigationStackUITests.swift in Sources */,
				B18669842B39E1C9006A3DDD /* NavigationStackUITestsLaunchTests.swift in Sources */,
			);
			runOnlyForDeploymentPostprocessing = 0;
		};
/* End PBXSourcesBuildPhase section */

/* Begin PBXTargetDependency section */
		B18669752B39E1C9006A3DDD /* PBXTargetDependency */ = {
			isa = PBXTargetDependency;
			target = B18669622B39E1C6006A3DDD /* NavigationStack */;
			targetProxy = B18669742B39E1C9006A3DDD /* PBXContainerItemProxy */;
		};
		B186697F2B39E1C9006A3DDD /* PBXTargetDependency */ = {
			isa = PBXTargetDependency;
			target = B18669622B39E1C6006A3DDD /* NavigationStack */;
			targetProxy = B186697E2B39E1C9006A3DDD /* PBXContainerItemProxy */;
		};
/* End PBXTargetDependency section */

/* Begin XCBuildConfiguration section */
		B18669852B39E1C9006A3DDD /* Debug */ = {
			isa = XCBuildConfiguration;
			buildSettings = {
				ALWAYS_SEARCH_USER_PATHS = NO;
				ASSETCATALOG_COMPILER_GENERATE_SWIFT_ASSET_SYMBOL_EXTENSIONS = YES;
				CLANG_ANALYZER_NONNULL = YES;
				CLANG_ANALYZER_NUMBER_OBJECT_CONVERSION = YES_AGGRESSIVE;
				CLANG_CXX_LANGUAGE_STANDARD = "gnu++20";
				CLANG_ENABLE_MODULES = YES;
				CLANG_ENABLE_OBJC_ARC = YES;
				CLANG_ENABLE_OBJC_WEAK = YES;
				CLANG_WARN_BLOCK_CAPTURE_AUTORELEASING = YES;
				CLANG_WARN_BOOL_CONVERSION = YES;
				CLANG_WARN_COMMA = YES;
				CLANG_WARN_CONSTANT_CONVERSION = YES;
				CLANG_WARN_DEPRECATED_OBJC_IMPLEMENTATIONS = YES;
				CLANG_WARN_DIRECT_OBJC_ISA_USAGE = YES_ERROR;
				CLANG_WARN_DOCUMENTATION_COMMENTS = YES;
				CLANG_WARN_EMPTY_BODY = YES;
				CLANG_WARN_ENUM_CONVERSION = YES;
				CLANG_WARN_INFINITE_RECURSION = YES;
				CLANG_WARN_INT_CONVERSION = YES;
				CLANG_WARN_NON_LITERAL_NULL_CONVERSION = YES;
				CLANG_WARN_OBJC_IMPLICIT_RETAIN_SELF = YES;
				CLANG_WARN_OBJC_LITERAL_CONVERSION = YES;
				CLANG_WARN_OBJC_ROOT_CLASS = YES_ERROR;
				CLANG_WARN_QUOTED_INCLUDE_IN_FRAMEWORK_HEADER = YES;
				CLANG_WARN_RANGE_LOOP_ANALYSIS = YES;
				CLANG_WARN_STRICT_PROTOTYPES = YES;
				CLANG_WARN_SUSPICIOUS_MOVE = YES;
				CLANG_WARN_UNGUARDED_AVAILABILITY = YES_AGGRESSIVE;
				CLANG_WARN_UNREACHABLE_CODE = YES;
				CLANG_WARN__DUPLICATE_METHOD_MATCH = YES;
				COPY_PHASE_STRIP = NO;
				DEBUG_INFORMATION_FORMAT = dwarf;
				ENABLE_STRICT_OBJC_MSGSEND = YES;
				ENABLE_TESTABILITY = YES;
				ENABLE_USER_SCRIPT_SANDBOXING = YES;
				GCC_C_LANGUAGE_STANDARD = gnu17;
				GCC_DYNAMIC_NO_PIC = NO;
				GCC_NO_COMMON_BLOCKS = YES;
				GCC_OPTIMIZATION_LEVEL = 0;
				GCC_PREPROCESSOR_DEFINITIONS = (
					"DEBUG=1",
					"$(inherited)",
				);
				GCC_WARN_64_TO_32_BIT_CONVERSION = YES;
				GCC_WARN_ABOUT_RETURN_TYPE = YES_ERROR;
				GCC_WARN_UNDECLARED_SELECTOR = YES;
				GCC_WARN_UNINITIALIZED_AUTOS = YES_AGGRESSIVE;
				GCC_WARN_UNUSED_FUNCTION = YES;
				GCC_WARN_UNUSED_VARIABLE = YES;
				IPHONEOS_DEPLOYMENT_TARGET = 17.0;
				LOCALIZATION_PREFERS_STRING_CATALOGS = YES;
				MTL_ENABLE_DEBUG_INFO = INCLUDE_SOURCE;
				MTL_FAST_MATH = YES;
				ONLY_ACTIVE_ARCH = YES;
				SDKROOT = iphoneos;
				SWIFT_ACTIVE_COMPILATION_CONDITIONS = "DEBUG $(inherited)";
				SWIFT_OPTIMIZATION_LEVEL = "-Onone";
			};
			name = Debug;
		};
		B18669862B39E1C9006A3DDD /* Release */ = {
			isa = XCBuildConfiguration;
			buildSettings = {
				ALWAYS_SEARCH_USER_PATHS = NO;
				ASSETCATALOG_COMPILER_GENERATE_SWIFT_ASSET_SYMBOL_EXTENSIONS = YES;
				CLANG_ANALYZER_NONNULL = YES;
				CLANG_ANALYZER_NUMBER_OBJECT_CONVERSION = YES_AGGRESSIVE;
				CLANG_CXX_LANGUAGE_STANDARD = "gnu++20";
				CLANG_ENABLE_MODULES = YES;
				CLANG_ENABLE_OBJC_ARC = YES;
				CLANG_ENABLE_OBJC_WEAK = YES;
				CLANG_WARN_BLOCK_CAPTURE_AUTORELEASING = YES;
				CLANG_WARN_BOOL_CONVERSION = YES;
				CLANG_WARN_COMMA = YES;
				CLANG_WARN_CONSTANT_CONVERSION = YES;
				CLANG_WARN_DEPRECATED_OBJC_IMPLEMENTATIONS = YES;
				CLANG_WARN_DIRECT_OBJC_ISA_USAGE = YES_ERROR;
				CLANG_WARN_DOCUMENTATION_COMMENTS = YES;
				CLANG_WARN_EMPTY_BODY = YES;
				CLANG_WARN_ENUM_CONVERSION = YES;
				CLANG_WARN_INFINITE_RECURSION = YES;
				CLANG_WARN_INT_CONVERSION = YES;
				CLANG_WARN_NON_LITERAL_NULL_CONVERSION = YES;
				CLANG_WARN_OBJC_IMPLICIT_RETAIN_SELF = YES;
				CLANG_WARN_OBJC_LITERAL_CONVERSION = YES;
				CLANG_WARN_OBJC_ROOT_CLASS = YES_ERROR;
				CLANG_WARN_QUOTED_INCLUDE_IN_FRAMEWORK_HEADER = YES;
				CLANG_WARN_RANGE_LOOP_ANALYSIS = YES;
				CLANG_WARN_STRICT_PROTOTYPES = YES;
				CLANG_WARN_SUSPICIOUS_MOVE = YES;
				CLANG_WARN_UNGUARDED_AVAILABILITY = YES_AGGRESSIVE;
				CLANG_WARN_UNREACHABLE_CODE = YES;
				CLANG_WARN__DUPLICATE_METHOD_MATCH = YES;
				COPY_PHASE_STRIP = NO;
				DEBUG_INFORMATION_FORMAT = "dwarf-with-dsym";
				ENABLE_NS_ASSERTIONS = NO;
				ENABLE_STRICT_OBJC_MSGSEND = YES;
				ENABLE_USER_SCRIPT_SANDBOXING = YES;
				GCC_C_LANGUAGE_STANDARD = gnu17;
				GCC_NO_COMMON_BLOCKS = YES;
				GCC_WARN_64_TO_32_BIT_CONVERSION = YES;
				GCC_WARN_ABOUT_RETURN_TYPE = YES_ERROR;
				GCC_WARN_UNDECLARED_SELECTOR = YES;
				GCC_WARN_UNINITIALIZED_AUTOS = YES_AGGRESSIVE;
				GCC_WARN_UNUSED_FUNCTION = YES;
				GCC_WARN_UNUSED_VARIABLE = YES;
				IPHONEOS_DEPLOYMENT_TARGET = 17.0;
				LOCALIZATION_PREFERS_STRING_CATALOGS = YES;
				MTL_ENABLE_DEBUG_INFO = NO;
				MTL_FAST_MATH = YES;
				SDKROOT = iphoneos;
				SWIFT_COMPILATION_MODE = wholemodule;
				VALIDATE_PRODUCT = YES;
			};
			name = Release;
		};
		B18669882B39E1C9006A3DDD /* Debug */ = {
			isa = XCBuildConfiguration;
			buildSettings = {
				ASSETCATALOG_COMPILER_APPICON_NAME = AppIcon;
				ASSETCATALOG_COMPILER_GLOBAL_ACCENT_COLOR_NAME = AccentColor;
				CODE_SIGN_STYLE = Automatic;
				CURRENT_PROJECT_VERSION = 1;
				DEVELOPMENT_ASSET_PATHS = "\"NavigationStack/Preview Content\"";
				DEVELOPMENT_TEAM = Q4WH2ZZWCT;
				ENABLE_PREVIEWS = YES;
				GENERATE_INFOPLIST_FILE = YES;
				INFOPLIST_KEY_UIApplicationSceneManifest_Generation = YES;
				INFOPLIST_KEY_UIApplicationSupportsIndirectInputEvents = YES;
				INFOPLIST_KEY_UILaunchScreen_Generation = YES;
				INFOPLIST_KEY_UISupportedInterfaceOrientations_iPad = "UIInterfaceOrientationPortrait UIInterfaceOrientationPortraitUpsideDown UIInterfaceOrientationLandscapeLeft UIInterfaceOrientationLandscapeRight";
				INFOPLIST_KEY_UISupportedInterfaceOrientations_iPhone = "UIInterfaceOrientationPortrait UIInterfaceOrientationLandscapeLeft UIInterfaceOrientationLandscapeRight";
				LD_RUNPATH_SEARCH_PATHS = (
					"$(inherited)",
					"@executable_path/Frameworks",
				);
				MARKETING_VERSION = 1.0;
				PRODUCT_BUNDLE_IDENTIFIER = com.siddharthkothari.NavigationStack;
				PRODUCT_NAME = "$(TARGET_NAME)";
				SWIFT_EMIT_LOC_STRINGS = YES;
				SWIFT_VERSION = 5.0;
				TARGETED_DEVICE_FAMILY = "1,2";
			};
			name = Debug;
		};
		B18669892B39E1C9006A3DDD /* Release */ = {
			isa = XCBuildConfiguration;
			buildSettings = {
				ASSETCATALOG_COMPILER_APPICON_NAME = AppIcon;
				ASSETCATALOG_COMPILER_GLOBAL_ACCENT_COLOR_NAME = AccentColor;
				CODE_SIGN_STYLE = Automatic;
				CURRENT_PROJECT_VERSION = 1;
				DEVELOPMENT_ASSET_PATHS = "\"NavigationStack/Preview Content\"";
				DEVELOPMENT_TEAM = Q4WH2ZZWCT;
				ENABLE_PREVIEWS = YES;
				GENERATE_INFOPLIST_FILE = YES;
				INFOPLIST_KEY_UIApplicationSceneManifest_Generation = YES;
				INFOPLIST_KEY_UIApplicationSupportsIndirectInputEvents = YES;
				INFOPLIST_KEY_UILaunchScreen_Generation = YES;
				INFOPLIST_KEY_UISupportedInterfaceOrientations_iPad = "UIInterfaceOrientationPortrait UIInterfaceOrientationPortraitUpsideDown UIInterfaceOrientationLandscapeLeft UIInterfaceOrientationLandscapeRight";
				INFOPLIST_KEY_UISupportedInterfaceOrientations_iPhone = "UIInterfaceOrientationPortrait UIInterfaceOrientationLandscapeLeft UIInterfaceOrientationLandscapeRight";
				LD_RUNPATH_SEARCH_PATHS = (
					"$(inherited)",
					"@executable_path/Frameworks",
				);
				MARKETING_VERSION = 1.0;
				PRODUCT_BUNDLE_IDENTIFIER = com.siddharthkothari.NavigationStack;
				PRODUCT_NAME = "$(TARGET_NAME)";
				SWIFT_EMIT_LOC_STRINGS = YES;
				SWIFT_VERSION = 5.0;
				TARGETED_DEVICE_FAMILY = "1,2";
			};
			name = Release;
		};
		B186698B2B39E1C9006A3DDD /* Debug */ = {
			isa = XCBuildConfiguration;
			buildSettings = {
				ALWAYS_EMBED_SWIFT_STANDARD_LIBRARIES = YES;
				BUNDLE_LOADER = "$(TEST_HOST)";
				CODE_SIGN_STYLE = Automatic;
				CURRENT_PROJECT_VERSION = 1;
				DEVELOPMENT_TEAM = Q4WH2ZZWCT;
				GENERATE_INFOPLIST_FILE = YES;
				IPHONEOS_DEPLOYMENT_TARGET = 17.0;
				MARKETING_VERSION = 1.0;
				PRODUCT_BUNDLE_IDENTIFIER = com.siddharthkothari.NavigationStackTests;
				PRODUCT_NAME = "$(TARGET_NAME)";
				SWIFT_EMIT_LOC_STRINGS = NO;
				SWIFT_VERSION = 5.0;
				TARGETED_DEVICE_FAMILY = "1,2";
				TEST_HOST = "$(BUILT_PRODUCTS_DIR)/NavigationStack.app/$(BUNDLE_EXECUTABLE_FOLDER_PATH)/NavigationStack";
			};
			name = Debug;
		};
		B186698C2B39E1C9006A3DDD /* Release */ = {
			isa = XCBuildConfiguration;
			buildSettings = {
				ALWAYS_EMBED_SWIFT_STANDARD_LIBRARIES = YES;
				BUNDLE_LOADER = "$(TEST_HOST)";
				CODE_SIGN_STYLE = Automatic;
				CURRENT_PROJECT_VERSION = 1;
				DEVELOPMENT_TEAM = Q4WH2ZZWCT;
				GENERATE_INFOPLIST_FILE = YES;
				IPHONEOS_DEPLOYMENT_TARGET = 17.0;
				MARKETING_VERSION = 1.0;
				PRODUCT_BUNDLE_IDENTIFIER = com.siddharthkothari.NavigationStackTests;
				PRODUCT_NAME = "$(TARGET_NAME)";
				SWIFT_EMIT_LOC_STRINGS = NO;
				SWIFT_VERSION = 5.0;
				TARGETED_DEVICE_FAMILY = "1,2";
				TEST_HOST = "$(BUILT_PRODUCTS_DIR)/NavigationStack.app/$(BUNDLE_EXECUTABLE_FOLDER_PATH)/NavigationStack";
			};
			name = Release;
		};
		B186698E2B39E1C9006A3DDD /* Debug */ = {
			isa = XCBuildConfiguration;
			buildSettings = {
				ALWAYS_EMBED_SWIFT_STANDARD_LIBRARIES = YES;
				CODE_SIGN_STYLE = Automatic;
				CURRENT_PROJECT_VERSION = 1;
				DEVELOPMENT_TEAM = Q4WH2ZZWCT;
				GENERATE_INFOPLIST_FILE = YES;
				MARKETING_VERSION = 1.0;
				PRODUCT_BUNDLE_IDENTIFIER = com.siddharthkothari.NavigationStackUITests;
				PRODUCT_NAME = "$(TARGET_NAME)";
				SWIFT_EMIT_LOC_STRINGS = NO;
				SWIFT_VERSION = 5.0;
				TARGETED_DEVICE_FAMILY = "1,2";
				TEST_TARGET_NAME = NavigationStack;
			};
			name = Debug;
		};
		B186698F2B39E1C9006A3DDD /* Release */ = {
			isa = XCBuildConfiguration;
			buildSettings = {
				ALWAYS_EMBED_SWIFT_STANDARD_LIBRARIES = YES;
				CODE_SIGN_STYLE = Automatic;
				CURRENT_PROJECT_VERSION = 1;
				DEVELOPMENT_TEAM = Q4WH2ZZWCT;
				GENERATE_INFOPLIST_FILE = YES;
				MARKETING_VERSION = 1.0;
				PRODUCT_BUNDLE_IDENTIFIER = com.siddharthkothari.NavigationStackUITests;
				PRODUCT_NAME = "$(TARGET_NAME)";
				SWIFT_EMIT_LOC_STRINGS = NO;
				SWIFT_VERSION = 5.0;
				TARGETED_DEVICE_FAMILY = "1,2";
				TEST_TARGET_NAME = NavigationStack;
			};
			name = Release;
		};
/* End XCBuildConfiguration section */

/* Begin XCConfigurationList section */
		B186695E2B39E1C6006A3DDD /* Build configuration list for PBXProject "NavigationStack" */ = {
			isa = XCConfigurationList;
			buildConfigurations = (
				B18669852B39E1C9006A3DDD /* Debug */,
				B18669862B39E1C9006A3DDD /* Release */,
			);
			defaultConfigurationIsVisible = 0;
			defaultConfigurationName = Release;
		};
		B18669872B39E1C9006A3DDD /* Build configuration list for PBXNativeTarget "NavigationStack" */ = {
			isa = XCConfigurationList;
			buildConfigurations = (
				B18669882B39E1C9006A3DDD /* Debug */,
				B18669892B39E1C9006A3DDD /* Release */,
			);
			defaultConfigurationIsVisible = 0;
			defaultConfigurationName = Release;
		};
		B186698A2B39E1C9006A3DDD /* Build configuration list for PBXNativeTarget "NavigationStackTests" */ = {
			isa = XCConfigurationList;
			buildConfigurations = (
				B186698B2B39E1C9006A3DDD /* Debug */,
				B186698C2B39E1C9006A3DDD /* Release */,
			);
			defaultConfigurationIsVisible = 0;
			defaultConfigurationName = Release;
		};
		B186698D2B39E1C9006A3DDD /* Build configuration list for PBXNativeTarget "NavigationStackUITests" */ = {
			isa = XCConfigurationList;
			buildConfigurations = (
				B186698E2B39E1C9006A3DDD /* Debug */,
				B186698F2B39E1C9006A3DDD /* Release */,
			);
			defaultConfigurationIsVisible = 0;
			defaultConfigurationName = Release;
		};
/* End XCConfigurationList section */
	};
	rootObject = B186695B2B39E1C6006A3DDD /* Project object */;
}
