// !$*UTF8*$!
{
	archiveVersion = 1;
	classes = {
	};
	objectVersion = 56;
	objects = {

/* Begin PBXBuildFile section */
		B186692D2B2B3DE0006A3DDD /* CustomSegmentControlApp.swift in Sources */ = {isa = PBXBuildFile; fileRef = B186692C2B2B3DE0006A3DDD /* CustomSegmentControlApp.swift */; };
		B186692F2B2B3DE0006A3DDD /* ContentView.swift in Sources */ = {isa = PBXBuildFile; fileRef = B186692E2B2B3DE0006A3DDD /* ContentView.swift */; };
		B18669312B2B3DE2006A3DDD /* Assets.xcassets in Resources */ = {isa = PBXBuildFile; fileRef = B18669302B2B3DE2006A3DDD /* Assets.xcassets */; };
		B18669342B2B3DE2006A3DDD /* Preview Assets.xcassets in Resources */ = {isa = PBXBuildFile; fileRef = B18669332B2B3DE2006A3DDD /* Preview Assets.xcassets */; };
		B186693E2B2B3DE2006A3DDD /* CustomSegmentControlTests.swift in Sources */ = {isa = PBXBuildFile; fileRef = B186693D2B2B3DE2006A3DDD /* CustomSegmentControlTests.swift */; };
		B18669482B2B3DE2006A3DDD /* CustomSegmentControlUITests.swift in Sources */ = {isa = PBXBuildFile; fileRef = B18669472B2B3DE2006A3DDD /* CustomSegmentControlUITests.swift */; };
		B186694A2B2B3DE2006A3DDD /* CustomSegmentControlUITestsLaunchTests.swift in Sources */ = {isa = PBXBuildFile; fileRef = B18669492B2B3DE2006A3DDD /* CustomSegmentControlUITestsLaunchTests.swift */; };
		B18669572B2B3E0C006A3DDD /* SegmentControlItem.swift in Sources */ = {isa = PBXBuildFile; fileRef = B18669562B2B3E0C006A3DDD /* SegmentControlItem.swift */; };
/* End PBXBuildFile section */

/* Begin PBXContainerItemProxy section */
		B186693A2B2B3DE2006A3DDD /* PBXContainerItemProxy */ = {
			isa = PBXContainerItemProxy;
			containerPortal = B18669212B2B3DDF006A3DDD /* Project object */;
			proxyType = 1;
			remoteGlobalIDString = B18669282B2B3DE0006A3DDD;
			remoteInfo = CustomSegmentControl;
		};
		B18669442B2B3DE2006A3DDD /* PBXContainerItemProxy */ = {
			isa = PBXContainerItemProxy;
			containerPortal = B18669212B2B3DDF006A3DDD /* Project object */;
			proxyType = 1;
			remoteGlobalIDString = B18669282B2B3DE0006A3DDD;
			remoteInfo = CustomSegmentControl;
		};
/* End PBXContainerItemProxy section */

/* Begin PBXFileReference section */
		B18669292B2B3DE0006A3DDD /* CustomSegmentControl.app */ = {isa = PBXFileReference; explicitFileType = wrapper.application; includeInIndex = 0; path = CustomSegmentControl.app; sourceTree = BUILT_PRODUCTS_DIR; };
		B186692C2B2B3DE0006A3DDD /* CustomSegmentControlApp.swift */ = {isa = PBXFileReference; lastKnownFileType = sourcecode.swift; path = CustomSegmentControlApp.swift; sourceTree = "<group>"; };
		B186692E2B2B3DE0006A3DDD /* ContentView.swift */ = {isa = PBXFileReference; lastKnownFileType = sourcecode.swift; path = ContentView.swift; sourceTree = "<group>"; };
		B18669302B2B3DE2006A3DDD /* Assets.xcassets */ = {isa = PBXFileReference; lastKnownFileType = folder.assetcatalog; path = Assets.xcassets; sourceTree = "<group>"; };
		B18669332B2B3DE2006A3DDD /* Preview Assets.xcassets */ = {isa = PBXFileReference; lastKnownFileType = folder.assetcatalog; path = "Preview Assets.xcassets"; sourceTree = "<group>"; };
		B18669392B2B3DE2006A3DDD /* CustomSegmentControlTests.xctest */ = {isa = PBXFileReference; explicitFileType = wrapper.cfbundle; includeInIndex = 0; path = CustomSegmentControlTests.xctest; sourceTree = BUILT_PRODUCTS_DIR; };
		B186693D2B2B3DE2006A3DDD /* CustomSegmentControlTests.swift */ = {isa = PBXFileReference; lastKnownFileType = sourcecode.swift; path = CustomSegmentControlTests.swift; sourceTree = "<group>"; };
		B18669432B2B3DE2006A3DDD /* CustomSegmentControlUITests.xctest */ = {isa = PBXFileReference; explicitFileType = wrapper.cfbundle; includeInIndex = 0; path = CustomSegmentControlUITests.xctest; sourceTree = BUILT_PRODUCTS_DIR; };
		B18669472B2B3DE2006A3DDD /* CustomSegmentControlUITests.swift */ = {isa = PBXFileReference; lastKnownFileType = sourcecode.swift; path = CustomSegmentControlUITests.swift; sourceTree = "<group>"; };
		B18669492B2B3DE2006A3DDD /* CustomSegmentControlUITestsLaunchTests.swift */ = {isa = PBXFileReference; lastKnownFileType = sourcecode.swift; path = CustomSegmentControlUITestsLaunchTests.swift; sourceTree = "<group>"; };
		B18669562B2B3E0C006A3DDD /* SegmentControlItem.swift */ = {isa = PBXFileReference; lastKnownFileType = sourcecode.swift; path = SegmentControlItem.swift; sourceTree = "<group>"; };
/* End PBXFileReference section */

/* Begin PBXFrameworksBuildPhase section */
		B18669262B2B3DE0006A3DDD /* Frameworks */ = {
			isa = PBXFrameworksBuildPhase;
			buildActionMask = 2147483647;
			files = (
			);
			runOnlyForDeploymentPostprocessing = 0;
		};
		B18669362B2B3DE2006A3DDD /* Frameworks */ = {
			isa = PBXFrameworksBuildPhase;
			buildActionMask = 2147483647;
			files = (
			);
			runOnlyForDeploymentPostprocessing = 0;
		};
		B18669402B2B3DE2006A3DDD /* Frameworks */ = {
			isa = PBXFrameworksBuildPhase;
			buildActionMask = 2147483647;
			files = (
			);
			runOnlyForDeploymentPostprocessing = 0;
		};
/* End PBXFrameworksBuildPhase section */

/* Begin PBXGroup section */
		B18669202B2B3DDF006A3DDD = {
			isa = PBXGroup;
			children = (
				B186692B2B2B3DE0006A3DDD /* CustomSegmentControl */,
				B186693C2B2B3DE2006A3DDD /* CustomSegmentControlTests */,
				B18669462B2B3DE2006A3DDD /* CustomSegmentControlUITests */,
				B186692A2B2B3DE0006A3DDD /* Products */,
			);
			sourceTree = "<group>";
		};
		B186692A2B2B3DE0006A3DDD /* Products */ = {
			isa = PBXGroup;
			children = (
				B18669292B2B3DE0006A3DDD /* CustomSegmentControl.app */,
				B18669392B2B3DE2006A3DDD /* CustomSegmentControlTests.xctest */,
				B18669432B2B3DE2006A3DDD /* CustomSegmentControlUITests.xctest */,
			);
			name = Products;
			sourceTree = "<group>";
		};
		B186692B2B2B3DE0006A3DDD /* CustomSegmentControl */ = {
			isa = PBXGroup;
			children = (
				B186692C2B2B3DE0006A3DDD /* CustomSegmentControlApp.swift */,
				B186692E2B2B3DE0006A3DDD /* ContentView.swift */,
				B18669562B2B3E0C006A3DDD /* SegmentControlItem.swift */,
				B18669302B2B3DE2006A3DDD /* Assets.xcassets */,
				B18669322B2B3DE2006A3DDD /* Preview Content */,
			);
			path = CustomSegmentControl;
			sourceTree = "<group>";
		};
		B18669322B2B3DE2006A3DDD /* Preview Content */ = {
			isa = PBXGroup;
			children = (
				B18669332B2B3DE2006A3DDD /* Preview Assets.xcassets */,
			);
			path = "Preview Content";
			sourceTree = "<group>";
		};
		B186693C2B2B3DE2006A3DDD /* CustomSegmentControlTests */ = {
			isa = PBXGroup;
			children = (
				B186693D2B2B3DE2006A3DDD /* CustomSegmentControlTests.swift */,
			);
			path = CustomSegmentControlTests;
			sourceTree = "<group>";
		};
		B18669462B2B3DE2006A3DDD /* CustomSegmentControlUITests */ = {
			isa = PBXGroup;
			children = (
				B18669472B2B3DE2006A3DDD /* CustomSegmentControlUITests.swift */,
				B18669492B2B3DE2006A3DDD /* CustomSegmentControlUITestsLaunchTests.swift */,
			);
			path = CustomSegmentControlUITests;
			sourceTree = "<group>";
		};
/* End PBXGroup section */

/* Begin PBXNativeTarget section */
		B18669282B2B3DE0006A3DDD /* CustomSegmentControl */ = {
			isa = PBXNativeTarget;
			buildConfigurationList = B186694D2B2B3DE2006A3DDD /* Build configuration list for PBXNativeTarget "CustomSegmentControl" */;
			buildPhases = (
				B18669252B2B3DE0006A3DDD /* Sources */,
				B18669262B2B3DE0006A3DDD /* Frameworks */,
				B18669272B2B3DE0006A3DDD /* Resources */,
			);
			buildRules = (
			);
			dependencies = (
			);
			name = CustomSegmentControl;
			productName = CustomSegmentControl;
			productReference = B18669292B2B3DE0006A3DDD /* CustomSegmentControl.app */;
			productType = "com.apple.product-type.application";
		};
		B18669382B2B3DE2006A3DDD /* CustomSegmentControlTests */ = {
			isa = PBXNativeTarget;
			buildConfigurationList = B18669502B2B3DE2006A3DDD /* Build configuration list for PBXNativeTarget "CustomSegmentControlTests" */;
			buildPhases = (
				B18669352B2B3DE2006A3DDD /* Sources */,
				B18669362B2B3DE2006A3DDD /* Frameworks */,
				B18669372B2B3DE2006A3DDD /* Resources */,
			);
			buildRules = (
			);
			dependencies = (
				B186693B2B2B3DE2006A3DDD /* PBXTargetDependency */,
			);
			name = CustomSegmentControlTests;
			productName = CustomSegmentControlTests;
			productReference = B18669392B2B3DE2006A3DDD /* CustomSegmentControlTests.xctest */;
			productType = "com.apple.product-type.bundle.unit-test";
		};
		B18669422B2B3DE2006A3DDD /* CustomSegmentControlUITests */ = {
			isa = PBXNativeTarget;
			buildConfigurationList = B18669532B2B3DE2006A3DDD /* Build configuration list for PBXNativeTarget "CustomSegmentControlUITests" */;
			buildPhases = (
				B186693F2B2B3DE2006A3DDD /* Sources */,
				B18669402B2B3DE2006A3DDD /* Frameworks */,
				B18669412B2B3DE2006A3DDD /* Resources */,
			);
			buildRules = (
			);
			dependencies = (
				B18669452B2B3DE2006A3DDD /* PBXTargetDependency */,
			);
			name = CustomSegmentControlUITests;
			productName = CustomSegmentControlUITests;
			productReference = B18669432B2B3DE2006A3DDD /* CustomSegmentControlUITests.xctest */;
			productType = "com.apple.product-type.bundle.ui-testing";
		};
/* End PBXNativeTarget section */

/* Begin PBXProject section */
		B18669212B2B3DDF006A3DDD /* Project object */ = {
			isa = PBXProject;
			attributes = {
				BuildIndependentTargetsInParallel = 1;
				LastSwiftUpdateCheck = 1500;
				LastUpgradeCheck = 1500;
				TargetAttributes = {
					B18669282B2B3DE0006A3DDD = {
						CreatedOnToolsVersion = 15.0;
					};
					B18669382B2B3DE2006A3DDD = {
						CreatedOnToolsVersion = 15.0;
						TestTargetID = B18669282B2B3DE0006A3DDD;
					};
					B18669422B2B3DE2006A3DDD = {
						CreatedOnToolsVersion = 15.0;
						TestTargetID = B18669282B2B3DE0006A3DDD;
					};
				};
			};
			buildConfigurationList = B18669242B2B3DDF006A3DDD /* Build configuration list for PBXProject "CustomSegmentControl" */;
			compatibilityVersion = "Xcode 14.0";
			developmentRegion = en;
			hasScannedForEncodings = 0;
			knownRegions = (
				en,
				Base,
			);
			mainGroup = B18669202B2B3DDF006A3DDD;
			productRefGroup = B186692A2B2B3DE0006A3DDD /* Products */;
			projectDirPath = "";
			projectRoot = "";
			targets = (
				B18669282B2B3DE0006A3DDD /* CustomSegmentControl */,
				B18669382B2B3DE2006A3DDD /* CustomSegmentControlTests */,
				B18669422B2B3DE2006A3DDD /* CustomSegmentControlUITests */,
			);
		};
/* End PBXProject section */

/* Begin PBXResourcesBuildPhase section */
		B18669272B2B3DE0006A3DDD /* Resources */ = {
			isa = PBXResourcesBuildPhase;
			buildActionMask = 2147483647;
			files = (
				B18669342B2B3DE2006A3DDD /* Preview Assets.xcassets in Resources */,
				B18669312B2B3DE2006A3DDD /* Assets.xcassets in Resources */,
			);
			runOnlyForDeploymentPostprocessing = 0;
		};
		B18669372B2B3DE2006A3DDD /* Resources */ = {
			isa = PBXResourcesBuildPhase;
			buildActionMask = 2147483647;
			files = (
			);
			runOnlyForDeploymentPostprocessing = 0;
		};
		B18669412B2B3DE2006A3DDD /* Resources */ = {
			isa = PBXResourcesBuildPhase;
			buildActionMask = 2147483647;
			files = (
			);
			runOnlyForDeploymentPostprocessing = 0;
		};
/* End PBXResourcesBuildPhase section */

/* Begin PBXSourcesBuildPhase section */
		B18669252B2B3DE0006A3DDD /* Sources */ = {
			isa = PBXSourcesBuildPhase;
			buildActionMask = 2147483647;
			files = (
				B186692F2B2B3DE0006A3DDD /* ContentView.swift in Sources */,
				B18669572B2B3E0C006A3DDD /* SegmentControlItem.swift in Sources */,
				B186692D2B2B3DE0006A3DDD /* CustomSegmentControlApp.swift in Sources */,
			);
			runOnlyForDeploymentPostprocessing = 0;
		};
		B18669352B2B3DE2006A3DDD /* Sources */ = {
			isa = PBXSourcesBuildPhase;
			buildActionMask = 2147483647;
			files = (
				B186693E2B2B3DE2006A3DDD /* CustomSegmentControlTests.swift in Sources */,
			);
			runOnlyForDeploymentPostprocessing = 0;
		};
		B186693F2B2B3DE2006A3DDD /* Sources */ = {
			isa = PBXSourcesBuildPhase;
			buildActionMask = 2147483647;
			files = (
				B18669482B2B3DE2006A3DDD /* CustomSegmentControlUITests.swift in Sources */,
				B186694A2B2B3DE2006A3DDD /* CustomSegmentControlUITestsLaunchTests.swift in Sources */,
			);
			runOnlyForDeploymentPostprocessing = 0;
		};
/* End PBXSourcesBuildPhase section */

/* Begin PBXTargetDependency section */
		B186693B2B2B3DE2006A3DDD /* PBXTargetDependency */ = {
			isa = PBXTargetDependency;
			target = B18669282B2B3DE0006A3DDD /* CustomSegmentControl */;
			targetProxy = B186693A2B2B3DE2006A3DDD /* PBXContainerItemProxy */;
		};
		B18669452B2B3DE2006A3DDD /* PBXTargetDependency */ = {
			isa = PBXTargetDependency;
			target = B18669282B2B3DE0006A3DDD /* CustomSegmentControl */;
			targetProxy = B18669442B2B3DE2006A3DDD /* PBXContainerItemProxy */;
		};
/* End PBXTargetDependency section */

/* Begin XCBuildConfiguration section */
		B186694B2B2B3DE2006A3DDD /* Debug */ = {
			isa = XCBuildConfiguration;
			buildSettings = {
				ALWAYS_SEARCH_USER_PATHS = NO;
				ASSETCATALOG_COMPILER_GENERATE_SWIFT_ASSET_SYMBOL_EXTENSIONS = YES;
				CLANG_ANALYZER_NONNULL = YES;
				CLANG_ANALYZER_NUMBER_OBJECT_CONVERSION = YES_AGGRESSIVE;
				CLANG_CXX_LANGUAGE_STANDARD = "gnu++20";
				CLANG_ENABLE_MODULES = YES;
				CLANG_ENABLE_OBJC_ARC = YES;
				CLANG_ENABLE_OBJC_WEAK = YES;
				CLANG_WARN_BLOCK_CAPTURE_AUTORELEASING = YES;
				CLANG_WARN_BOOL_CONVERSION = YES;
				CLANG_WARN_COMMA = YES;
				CLANG_WARN_CONSTANT_CONVERSION = YES;
				CLANG_WARN_DEPRECATED_OBJC_IMPLEMENTATIONS = YES;
				CLANG_WARN_DIRECT_OBJC_ISA_USAGE = YES_ERROR;
				CLANG_WARN_DOCUMENTATION_COMMENTS = YES;
				CLANG_WARN_EMPTY_BODY = YES;
				CLANG_WARN_ENUM_CONVERSION = YES;
				CLANG_WARN_INFINITE_RECURSION = YES;
				CLANG_WARN_INT_CONVERSION = YES;
				CLANG_WARN_NON_LITERAL_NULL_CONVERSION = YES;
				CLANG_WARN_OBJC_IMPLICIT_RETAIN_SELF = YES;
				CLANG_WARN_OBJC_LITERAL_CONVERSION = YES;
				CLANG_WARN_OBJC_ROOT_CLASS = YES_ERROR;
				CLANG_WARN_QUOTED_INCLUDE_IN_FRAMEWORK_HEADER = YES;
				CLANG_WARN_RANGE_LOOP_ANALYSIS = YES;
				CLANG_WARN_STRICT_PROTOTYPES = YES;
				CLANG_WARN_SUSPICIOUS_MOVE = YES;
				CLANG_WARN_UNGUARDED_AVAILABILITY = YES_AGGRESSIVE;
				CLANG_WARN_UNREACHABLE_CODE = YES;
				CLANG_WARN__DUPLICATE_METHOD_MATCH = YES;
				COPY_PHASE_STRIP = NO;
				DEBUG_INFORMATION_FORMAT = dwarf;
				ENABLE_STRICT_OBJC_MSGSEND = YES;
				ENABLE_TESTABILITY = YES;
				ENABLE_USER_SCRIPT_SANDBOXING = YES;
				GCC_C_LANGUAGE_STANDARD = gnu17;
				GCC_DYNAMIC_NO_PIC = NO;
				GCC_NO_COMMON_BLOCKS = YES;
				GCC_OPTIMIZATION_LEVEL = 0;
				GCC_PREPROCESSOR_DEFINITIONS = (
					"DEBUG=1",
					"$(inherited)",
				);
				GCC_WARN_64_TO_32_BIT_CONVERSION = YES;
				GCC_WARN_ABOUT_RETURN_TYPE = YES_ERROR;
				GCC_WARN_UNDECLARED_SELECTOR = YES;
				GCC_WARN_UNINITIALIZED_AUTOS = YES_AGGRESSIVE;
				GCC_WARN_UNUSED_FUNCTION = YES;
				GCC_WARN_UNUSED_VARIABLE = YES;
				IPHONEOS_DEPLOYMENT_TARGET = 17.0;
				LOCALIZATION_PREFERS_STRING_CATALOGS = YES;
				MTL_ENABLE_DEBUG_INFO = INCLUDE_SOURCE;
				MTL_FAST_MATH = YES;
				ONLY_ACTIVE_ARCH = YES;
				SDKROOT = iphoneos;
				SWIFT_ACTIVE_COMPILATION_CONDITIONS = "DEBUG $(inherited)";
				SWIFT_OPTIMIZATION_LEVEL = "-Onone";
			};
			name = Debug;
		};
		B186694C2B2B3DE2006A3DDD /* Release */ = {
			isa = XCBuildConfiguration;
			buildSettings = {
				ALWAYS_SEARCH_USER_PATHS = NO;
				ASSETCATALOG_COMPILER_GENERATE_SWIFT_ASSET_SYMBOL_EXTENSIONS = YES;
				CLANG_ANALYZER_NONNULL = YES;
				CLANG_ANALYZER_NUMBER_OBJECT_CONVERSION = YES_AGGRESSIVE;
				CLANG_CXX_LANGUAGE_STANDARD = "gnu++20";
				CLANG_ENABLE_MODULES = YES;
				CLANG_ENABLE_OBJC_ARC = YES;
				CLANG_ENABLE_OBJC_WEAK = YES;
				CLANG_WARN_BLOCK_CAPTURE_AUTORELEASING = YES;
				CLANG_WARN_BOOL_CONVERSION = YES;
				CLANG_WARN_COMMA = YES;
				CLANG_WARN_CONSTANT_CONVERSION = YES;
				CLANG_WARN_DEPRECATED_OBJC_IMPLEMENTATIONS = YES;
				CLANG_WARN_DIRECT_OBJC_ISA_USAGE = YES_ERROR;
				CLANG_WARN_DOCUMENTATION_COMMENTS = YES;
				CLANG_WARN_EMPTY_BODY = YES;
				CLANG_WARN_ENUM_CONVERSION = YES;
				CLANG_WARN_INFINITE_RECURSION = YES;
				CLANG_WARN_INT_CONVERSION = YES;
				CLANG_WARN_NON_LITERAL_NULL_CONVERSION = YES;
				CLANG_WARN_OBJC_IMPLICIT_RETAIN_SELF = YES;
				CLANG_WARN_OBJC_LITERAL_CONVERSION = YES;
				CLANG_WARN_OBJC_ROOT_CLASS = YES_ERROR;
				CLANG_WARN_QUOTED_INCLUDE_IN_FRAMEWORK_HEADER = YES;
				CLANG_WARN_RANGE_LOOP_ANALYSIS = YES;
				CLANG_WARN_STRICT_PROTOTYPES = YES;
				CLANG_WARN_SUSPICIOUS_MOVE = YES;
				CLANG_WARN_UNGUARDED_AVAILABILITY = YES_AGGRESSIVE;
				CLANG_WARN_UNREACHABLE_CODE = YES;
				CLANG_WARN__DUPLICATE_METHOD_MATCH = YES;
				COPY_PHASE_STRIP = NO;
				DEBUG_INFORMATION_FORMAT = "dwarf-with-dsym";
				ENABLE_NS_ASSERTIONS = NO;
				ENABLE_STRICT_OBJC_MSGSEND = YES;
				ENABLE_USER_SCRIPT_SANDBOXING = YES;
				GCC_C_LANGUAGE_STANDARD = gnu17;
				GCC_NO_COMMON_BLOCKS = YES;
				GCC_WARN_64_TO_32_BIT_CONVERSION = YES;
				GCC_WARN_ABOUT_RETURN_TYPE = YES_ERROR;
				GCC_WARN_UNDECLARED_SELECTOR = YES;
				GCC_WARN_UNINITIALIZED_AUTOS = YES_AGGRESSIVE;
				GCC_WARN_UNUSED_FUNCTION = YES;
				GCC_WARN_UNUSED_VARIABLE = YES;
				IPHONEOS_DEPLOYMENT_TARGET = 17.0;
				LOCALIZATION_PREFERS_STRING_CATALOGS = YES;
				MTL_ENABLE_DEBUG_INFO = NO;
				MTL_FAST_MATH = YES;
				SDKROOT = iphoneos;
				SWIFT_COMPILATION_MODE = wholemodule;
				VALIDATE_PRODUCT = YES;
			};
			name = Release;
		};
		B186694E2B2B3DE2006A3DDD /* Debug */ = {
			isa = XCBuildConfiguration;
			buildSettings = {
				ASSETCATALOG_COMPILER_APPICON_NAME = AppIcon;
				ASSETCATALOG_COMPILER_GLOBAL_ACCENT_COLOR_NAME = AccentColor;
				CODE_SIGN_STYLE = Automatic;
				CURRENT_PROJECT_VERSION = 1;
				DEVELOPMENT_ASSET_PATHS = "\"CustomSegmentControl/Preview Content\"";
				DEVELOPMENT_TEAM = Q4WH2ZZWCT;
				ENABLE_PREVIEWS = YES;
				GENERATE_INFOPLIST_FILE = YES;
				INFOPLIST_KEY_UIApplicationSceneManifest_Generation = YES;
				INFOPLIST_KEY_UIApplicationSupportsIndirectInputEvents = YES;
				INFOPLIST_KEY_UILaunchScreen_Generation = YES;
				INFOPLIST_KEY_UISupportedInterfaceOrientations_iPad = "UIInterfaceOrientationPortrait UIInterfaceOrientationPortraitUpsideDown UIInterfaceOrientationLandscapeLeft UIInterfaceOrientationLandscapeRight";
				INFOPLIST_KEY_UISupportedInterfaceOrientations_iPhone = "UIInterfaceOrientationPortrait UIInterfaceOrientationLandscapeLeft UIInterfaceOrientationLandscapeRight";
				LD_RUNPATH_SEARCH_PATHS = (
					"$(inherited)",
					"@executable_path/Frameworks",
				);
				MARKETING_VERSION = 1.0;
				PRODUCT_BUNDLE_IDENTIFIER = com.siddharthkothari.CustomSegmentControl;
				PRODUCT_NAME = "$(TARGET_NAME)";
				SWIFT_EMIT_LOC_STRINGS = YES;
				SWIFT_VERSION = 5.0;
				TARGETED_DEVICE_FAMILY = "1,2";
			};
			name = Debug;
		};
		B186694F2B2B3DE2006A3DDD /* Release */ = {
			isa = XCBuildConfiguration;
			buildSettings = {
				ASSETCATALOG_COMPILER_APPICON_NAME = AppIcon;
				ASSETCATALOG_COMPILER_GLOBAL_ACCENT_COLOR_NAME = AccentColor;
				CODE_SIGN_STYLE = Automatic;
				CURRENT_PROJECT_VERSION = 1;
				DEVELOPMENT_ASSET_PATHS = "\"CustomSegmentControl/Preview Content\"";
				DEVELOPMENT_TEAM = Q4WH2ZZWCT;
				ENABLE_PREVIEWS = YES;
				GENERATE_INFOPLIST_FILE = YES;
				INFOPLIST_KEY_UIApplicationSceneManifest_Generation = YES;
				INFOPLIST_KEY_UIApplicationSupportsIndirectInputEvents = YES;
				INFOPLIST_KEY_UILaunchScreen_Generation = YES;
				INFOPLIST_KEY_UISupportedInterfaceOrientations_iPad = "UIInterfaceOrientationPortrait UIInterfaceOrientationPortraitUpsideDown UIInterfaceOrientationLandscapeLeft UIInterfaceOrientationLandscapeRight";
				INFOPLIST_KEY_UISupportedInterfaceOrientations_iPhone = "UIInterfaceOrientationPortrait UIInterfaceOrientationLandscapeLeft UIInterfaceOrientationLandscapeRight";
				LD_RUNPATH_SEARCH_PATHS = (
					"$(inherited)",
					"@executable_path/Frameworks",
				);
				MARKETING_VERSION = 1.0;
				PRODUCT_BUNDLE_IDENTIFIER = com.siddharthkothari.CustomSegmentControl;
				PRODUCT_NAME = "$(TARGET_NAME)";
				SWIFT_EMIT_LOC_STRINGS = YES;
				SWIFT_VERSION = 5.0;
				TARGETED_DEVICE_FAMILY = "1,2";
			};
			name = Release;
		};
		B18669512B2B3DE2006A3DDD /* Debug */ = {
			isa = XCBuildConfiguration;
			buildSettings = {
				ALWAYS_EMBED_SWIFT_STANDARD_LIBRARIES = YES;
				BUNDLE_LOADER = "$(TEST_HOST)";
				CODE_SIGN_STYLE = Automatic;
				CURRENT_PROJECT_VERSION = 1;
				DEVELOPMENT_TEAM = Q4WH2ZZWCT;
				GENERATE_INFOPLIST_FILE = YES;
				IPHONEOS_DEPLOYMENT_TARGET = 17.0;
				MARKETING_VERSION = 1.0;
				PRODUCT_BUNDLE_IDENTIFIER = com.siddharthkothari.CustomSegmentControlTests;
				PRODUCT_NAME = "$(TARGET_NAME)";
				SWIFT_EMIT_LOC_STRINGS = NO;
				SWIFT_VERSION = 5.0;
				TARGETED_DEVICE_FAMILY = "1,2";
				TEST_HOST = "$(BUILT_PRODUCTS_DIR)/CustomSegmentControl.app/$(BUNDLE_EXECUTABLE_FOLDER_PATH)/CustomSegmentControl";
			};
			name = Debug;
		};
		B18669522B2B3DE2006A3DDD /* Release */ = {
			isa = XCBuildConfiguration;
			buildSettings = {
				ALWAYS_EMBED_SWIFT_STANDARD_LIBRARIES = YES;
				BUNDLE_LOADER = "$(TEST_HOST)";
				CODE_SIGN_STYLE = Automatic;
				CURRENT_PROJECT_VERSION = 1;
				DEVELOPMENT_TEAM = Q4WH2ZZWCT;
				GENERATE_INFOPLIST_FILE = YES;
				IPHONEOS_DEPLOYMENT_TARGET = 17.0;
				MARKETING_VERSION = 1.0;
				PRODUCT_BUNDLE_IDENTIFIER = com.siddharthkothari.CustomSegmentControlTests;
				PRODUCT_NAME = "$(TARGET_NAME)";
				SWIFT_EMIT_LOC_STRINGS = NO;
				SWIFT_VERSION = 5.0;
				TARGETED_DEVICE_FAMILY = "1,2";
				TEST_HOST = "$(BUILT_PRODUCTS_DIR)/CustomSegmentControl.app/$(BUNDLE_EXECUTABLE_FOLDER_PATH)/CustomSegmentControl";
			};
			name = Release;
		};
		B18669542B2B3DE2006A3DDD /* Debug */ = {
			isa = XCBuildConfiguration;
			buildSettings = {
				ALWAYS_EMBED_SWIFT_STANDARD_LIBRARIES = YES;
				CODE_SIGN_STYLE = Automatic;
				CURRENT_PROJECT_VERSION = 1;
				DEVELOPMENT_TEAM = Q4WH2ZZWCT;
				GENERATE_INFOPLIST_FILE = YES;
				MARKETING_VERSION = 1.0;
				PRODUCT_BUNDLE_IDENTIFIER = com.siddharthkothari.CustomSegmentControlUITests;
				PRODUCT_NAME = "$(TARGET_NAME)";
				SWIFT_EMIT_LOC_STRINGS = NO;
				SWIFT_VERSION = 5.0;
				TARGETED_DEVICE_FAMILY = "1,2";
				TEST_TARGET_NAME = CustomSegmentControl;
			};
			name = Debug;
		};
		B18669552B2B3DE2006A3DDD /* Release */ = {
			isa = XCBuildConfiguration;
			buildSettings = {
				ALWAYS_EMBED_SWIFT_STANDARD_LIBRARIES = YES;
				CODE_SIGN_STYLE = Automatic;
				CURRENT_PROJECT_VERSION = 1;
				DEVELOPMENT_TEAM = Q4WH2ZZWCT;
				GENERATE_INFOPLIST_FILE = YES;
				MARKETING_VERSION = 1.0;
				PRODUCT_BUNDLE_IDENTIFIER = com.siddharthkothari.CustomSegmentControlUITests;
				PRODUCT_NAME = "$(TARGET_NAME)";
				SWIFT_EMIT_LOC_STRINGS = NO;
				SWIFT_VERSION = 5.0;
				TARGETED_DEVICE_FAMILY = "1,2";
				TEST_TARGET_NAME = CustomSegmentControl;
			};
			name = Release;
		};
/* End XCBuildConfiguration section */

/* Begin XCConfigurationList section */
		B18669242B2B3DDF006A3DDD /* Build configuration list for PBXProject "CustomSegmentControl" */ = {
			isa = XCConfigurationList;
			buildConfigurations = (
				B186694B2B2B3DE2006A3DDD /* Debug */,
				B186694C2B2B3DE2006A3DDD /* Release */,
			);
			defaultConfigurationIsVisible = 0;
			defaultConfigurationName = Release;
		};
		B186694D2B2B3DE2006A3DDD /* Build configuration list for PBXNativeTarget "CustomSegmentControl" */ = {
			isa = XCConfigurationList;
			buildConfigurations = (
				B186694E2B2B3DE2006A3DDD /* Debug */,
				B186694F2B2B3DE2006A3DDD /* Release */,
			);
			defaultConfigurationIsVisible = 0;
			defaultConfigurationName = Release;
		};
		B18669502B2B3DE2006A3DDD /* Build configuration list for PBXNativeTarget "CustomSegmentControlTests" */ = {
			isa = XCConfigurationList;
			buildConfigurations = (
				B18669512B2B3DE2006A3DDD /* Debug */,
				B18669522B2B3DE2006A3DDD /* Release */,
			);
			defaultConfigurationIsVisible = 0;
			defaultConfigurationName = Release;
		};
		B18669532B2B3DE2006A3DDD /* Build configuration list for PBXNativeTarget "CustomSegmentControlUITests" */ = {
			isa = XCConfigurationList;
			buildConfigurations = (
				B18669542B2B3DE2006A3DDD /* Debug */,
				B18669552B2B3DE2006A3DDD /* Release */,
			);
			defaultConfigurationIsVisible = 0;
			defaultConfigurationName = Release;
		};
/* End XCConfigurationList section */
	};
	rootObject = B18669212B2B3DDF006A3DDD /* Project object */;
}
