// !$*UTF8*$!
{
	archiveVersion = 1;
	classes = {
	};
	objectVersion = 56;
	objects = {

/* Begin PBXBuildFile section */
		B18669A92B3BC0B3006A3DDD /* NavigationSplitViewApp.swift in Sources */ = {isa = PBXBuildFile; fileRef = B18669A82B3BC0B3006A3DDD /* NavigationSplitViewApp.swift */; };
		B18669AB2B3BC0B3006A3DDD /* ContentView.swift in Sources */ = {isa = PBXBuildFile; fileRef = B18669AA2B3BC0B3006A3DDD /* ContentView.swift */; };
		B18669AD2B3BC0B6006A3DDD /* Assets.xcassets in Resources */ = {isa = PBXBuildFile; fileRef = B18669AC2B3BC0B6006A3DDD /* Assets.xcassets */; };
		B18669B02B3BC0B6006A3DDD /* Preview Assets.xcassets in Resources */ = {isa = PBXBuildFile; fileRef = B18669AF2B3BC0B6006A3DDD /* Preview Assets.xcassets */; };
		B18669BA2B3BC0B6006A3DDD /* NavigationSplitViewTests.swift in Sources */ = {isa = PBXBuildFile; fileRef = B18669B92B3BC0B6006A3DDD /* NavigationSplitViewTests.swift */; };
		B18669C42B3BC0B6006A3DDD /* NavigationSplitViewUITests.swift in Sources */ = {isa = PBXBuildFile; fileRef = B18669C32B3BC0B6006A3DDD /* NavigationSplitViewUITests.swift */; };
		B18669C62B3BC0B6006A3DDD /* NavigationSplitViewUITestsLaunchTests.swift in Sources */ = {isa = PBXBuildFile; fileRef = B18669C52B3BC0B6006A3DDD /* NavigationSplitViewUITestsLaunchTests.swift */; };
		B18669D32B3BC1E1006A3DDD /* DataModel.swift in Sources */ = {isa = PBXBuildFile; fileRef = B18669D22B3BC1E1006A3DDD /* DataModel.swift */; };
		B18669D52B3BC25D006A3DDD /* ThreeColumnSampleCode.swift in Sources */ = {isa = PBXBuildFile; fileRef = B18669D42B3BC25D006A3DDD /* ThreeColumnSampleCode.swift */; };
/* End PBXBuildFile section */

/* Begin PBXContainerItemProxy section */
		B18669B62B3BC0B6006A3DDD /* PBXContainerItemProxy */ = {
			isa = PBXContainerItemProxy;
			containerPortal = B186699D2B3BC0B3006A3DDD /* Project object */;
			proxyType = 1;
			remoteGlobalIDString = B18669A42B3BC0B3006A3DDD;
			remoteInfo = NavigationSplitView;
		};
		B18669C02B3BC0B6006A3DDD /* PBXContainerItemProxy */ = {
			isa = PBXContainerItemProxy;
			containerPortal = B186699D2B3BC0B3006A3DDD /* Project object */;
			proxyType = 1;
			remoteGlobalIDString = B18669A42B3BC0B3006A3DDD;
			remoteInfo = NavigationSplitView;
		};
/* End PBXContainerItemProxy section */

/* Begin PBXFileReference section */
		B18669A52B3BC0B3006A3DDD /* NavigationSplitView.app */ = {isa = PBXFileReference; explicitFileType = wrapper.application; includeInIndex = 0; path = NavigationSplitView.app; sourceTree = BUILT_PRODUCTS_DIR; };
		B18669A82B3BC0B3006A3DDD /* NavigationSplitViewApp.swift */ = {isa = PBXFileReference; lastKnownFileType = sourcecode.swift; path = NavigationSplitViewApp.swift; sourceTree = "<group>"; };
		B18669AA2B3BC0B3006A3DDD /* ContentView.swift */ = {isa = PBXFileReference; lastKnownFileType = sourcecode.swift; path = ContentView.swift; sourceTree = "<group>"; };
		B18669AC2B3BC0B6006A3DDD /* Assets.xcassets */ = {isa = PBXFileReference; lastKnownFileType = folder.assetcatalog; path = Assets.xcassets; sourceTree = "<group>"; };
		B18669AF2B3BC0B6006A3DDD /* Preview Assets.xcassets */ = {isa = PBXFileReference; lastKnownFileType = folder.assetcatalog; path = "Preview Assets.xcassets"; sourceTree = "<group>"; };
		B18669B52B3BC0B6006A3DDD /* NavigationSplitViewTests.xctest */ = {isa = PBXFileReference; explicitFileType = wrapper.cfbundle; includeInIndex = 0; path = NavigationSplitViewTests.xctest; sourceTree = BUILT_PRODUCTS_DIR; };
		B18669B92B3BC0B6006A3DDD /* NavigationSplitViewTests.swift */ = {isa = PBXFileReference; lastKnownFileType = sourcecode.swift; path = NavigationSplitViewTests.swift; sourceTree = "<group>"; };
		B18669BF2B3BC0B6006A3DDD /* NavigationSplitViewUITests.xctest */ = {isa = PBXFileReference; explicitFileType = wrapper.cfbundle; includeInIndex = 0; path = NavigationSplitViewUITests.xctest; sourceTree = BUILT_PRODUCTS_DIR; };
		B18669C32B3BC0B6006A3DDD /* NavigationSplitViewUITests.swift */ = {isa = PBXFileReference; lastKnownFileType = sourcecode.swift; path = NavigationSplitViewUITests.swift; sourceTree = "<group>"; };
		B18669C52B3BC0B6006A3DDD /* NavigationSplitViewUITestsLaunchTests.swift */ = {isa = PBXFileReference; lastKnownFileType = sourcecode.swift; path = NavigationSplitViewUITestsLaunchTests.swift; sourceTree = "<group>"; };
		B18669D22B3BC1E1006A3DDD /* DataModel.swift */ = {isa = PBXFileReference; lastKnownFileType = sourcecode.swift; path = DataModel.swift; sourceTree = "<group>"; };
		B18669D42B3BC25D006A3DDD /* ThreeColumnSampleCode.swift */ = {isa = PBXFileReference; lastKnownFileType = sourcecode.swift; path = ThreeColumnSampleCode.swift; sourceTree = "<group>"; };
/* End PBXFileReference section */

/* Begin PBXFrameworksBuildPhase section */
		B18669A22B3BC0B3006A3DDD /* Frameworks */ = {
			isa = PBXFrameworksBuildPhase;
			buildActionMask = 2147483647;
			files = (
			);
			runOnlyForDeploymentPostprocessing = 0;
		};
		B18669B22B3BC0B6006A3DDD /* Frameworks */ = {
			isa = PBXFrameworksBuildPhase;
			buildActionMask = 2147483647;
			files = (
			);
			runOnlyForDeploymentPostprocessing = 0;
		};
		B18669BC2B3BC0B6006A3DDD /* Frameworks */ = {
			isa = PBXFrameworksBuildPhase;
			buildActionMask = 2147483647;
			files = (
			);
			runOnlyForDeploymentPostprocessing = 0;
		};
/* End PBXFrameworksBuildPhase section */

/* Begin PBXGroup section */
		B186699C2B3BC0B3006A3DDD = {
			isa = PBXGroup;
			children = (
				B18669A72B3BC0B3006A3DDD /* NavigationSplitView */,
				B18669B82B3BC0B6006A3DDD /* NavigationSplitViewTests */,
				B18669C22B3BC0B6006A3DDD /* NavigationSplitViewUITests */,
				B18669A62B3BC0B3006A3DDD /* Products */,
			);
			sourceTree = "<group>";
		};
		B18669A62B3BC0B3006A3DDD /* Products */ = {
			isa = PBXGroup;
			children = (
				B18669A52B3BC0B3006A3DDD /* NavigationSplitView.app */,
				B18669B52B3BC0B6006A3DDD /* NavigationSplitViewTests.xctest */,
				B18669BF2B3BC0B6006A3DDD /* NavigationSplitViewUITests.xctest */,
			);
			name = Products;
			sourceTree = "<group>";
		};
		B18669A72B3BC0B3006A3DDD /* NavigationSplitView */ = {
			isa = PBXGroup;
			children = (
				B18669A82B3BC0B3006A3DDD /* NavigationSplitViewApp.swift */,
				B18669AA2B3BC0B3006A3DDD /* ContentView.swift */,
				B18669D22B3BC1E1006A3DDD /* DataModel.swift */,
				B18669D42B3BC25D006A3DDD /* ThreeColumnSampleCode.swift */,
				B18669AC2B3BC0B6006A3DDD /* Assets.xcassets */,
				B18669AE2B3BC0B6006A3DDD /* Preview Content */,
			);
			path = NavigationSplitView;
			sourceTree = "<group>";
		};
		B18669AE2B3BC0B6006A3DDD /* Preview Content */ = {
			isa = PBXGroup;
			children = (
				B18669AF2B3BC0B6006A3DDD /* Preview Assets.xcassets */,
			);
			path = "Preview Content";
			sourceTree = "<group>";
		};
		B18669B82B3BC0B6006A3DDD /* NavigationSplitViewTests */ = {
			isa = PBXGroup;
			children = (
				B18669B92B3BC0B6006A3DDD /* NavigationSplitViewTests.swift */,
			);
			path = NavigationSplitViewTests;
			sourceTree = "<group>";
		};
		B18669C22B3BC0B6006A3DDD /* NavigationSplitViewUITests */ = {
			isa = PBXGroup;
			children = (
				B18669C32B3BC0B6006A3DDD /* NavigationSplitViewUITests.swift */,
				B18669C52B3BC0B6006A3DDD /* NavigationSplitViewUITestsLaunchTests.swift */,
			);
			path = NavigationSplitViewUITests;
			sourceTree = "<group>";
		};
/* End PBXGroup section */

/* Begin PBXNativeTarget section */
		B18669A42B3BC0B3006A3DDD /* NavigationSplitView */ = {
			isa = PBXNativeTarget;
			buildConfigurationList = B18669C92B3BC0B6006A3DDD /* Build configuration list for PBXNativeTarget "NavigationSplitView" */;
			buildPhases = (
				B18669A12B3BC0B3006A3DDD /* Sources */,
				B18669A22B3BC0B3006A3DDD /* Frameworks */,
				B18669A32B3BC0B3006A3DDD /* Resources */,
			);
			buildRules = (
			);
			dependencies = (
			);
			name = NavigationSplitView;
			productName = NavigationSplitView;
			productReference = B18669A52B3BC0B3006A3DDD /* NavigationSplitView.app */;
			productType = "com.apple.product-type.application";
		};
		B18669B42B3BC0B6006A3DDD /* NavigationSplitViewTests */ = {
			isa = PBXNativeTarget;
			buildConfigurationList = B18669CC2B3BC0B6006A3DDD /* Build configuration list for PBXNativeTarget "NavigationSplitViewTests" */;
			buildPhases = (
				B18669B12B3BC0B6006A3DDD /* Sources */,
				B18669B22B3BC0B6006A3DDD /* Frameworks */,
				B18669B32B3BC0B6006A3DDD /* Resources */,
			);
			buildRules = (
			);
			dependencies = (
				B18669B72B3BC0B6006A3DDD /* PBXTargetDependency */,
			);
			name = NavigationSplitViewTests;
			productName = NavigationSplitViewTests;
			productReference = B18669B52B3BC0B6006A3DDD /* NavigationSplitViewTests.xctest */;
			productType = "com.apple.product-type.bundle.unit-test";
		};
		B18669BE2B3BC0B6006A3DDD /* NavigationSplitViewUITests */ = {
			isa = PBXNativeTarget;
			buildConfigurationList = B18669CF2B3BC0B6006A3DDD /* Build configuration list for PBXNativeTarget "NavigationSplitViewUITests" */;
			buildPhases = (
				B18669BB2B3BC0B6006A3DDD /* Sources */,
				B18669BC2B3BC0B6006A3DDD /* Frameworks */,
				B18669BD2B3BC0B6006A3DDD /* Resources */,
			);
			buildRules = (
			);
			dependencies = (
				B18669C12B3BC0B6006A3DDD /* PBXTargetDependency */,
			);
			name = NavigationSplitViewUITests;
			productName = NavigationSplitViewUITests;
			productReference = B18669BF2B3BC0B6006A3DDD /* NavigationSplitViewUITests.xctest */;
			productType = "com.apple.product-type.bundle.ui-testing";
		};
/* End PBXNativeTarget section */

/* Begin PBXProject section */
		B186699D2B3BC0B3006A3DDD /* Project object */ = {
			isa = PBXProject;
			attributes = {
				BuildIndependentTargetsInParallel = 1;
				LastSwiftUpdateCheck = 1500;
				LastUpgradeCheck = 1500;
				TargetAttributes = {
					B18669A42B3BC0B3006A3DDD = {
						CreatedOnToolsVersion = 15.0;
					};
					B18669B42B3BC0B6006A3DDD = {
						CreatedOnToolsVersion = 15.0;
						TestTargetID = B18669A42B3BC0B3006A3DDD;
					};
					B18669BE2B3BC0B6006A3DDD = {
						CreatedOnToolsVersion = 15.0;
						TestTargetID = B18669A42B3BC0B3006A3DDD;
					};
				};
			};
			buildConfigurationList = B18669A02B3BC0B3006A3DDD /* Build configuration list for PBXProject "NavigationSplitView" */;
			compatibilityVersion = "Xcode 14.0";
			developmentRegion = en;
			hasScannedForEncodings = 0;
			knownRegions = (
				en,
				Base,
			);
			mainGroup = B186699C2B3BC0B3006A3DDD;
			productRefGroup = B18669A62B3BC0B3006A3DDD /* Products */;
			projectDirPath = "";
			projectRoot = "";
			targets = (
				B18669A42B3BC0B3006A3DDD /* NavigationSplitView */,
				B18669B42B3BC0B6006A3DDD /* NavigationSplitViewTests */,
				B18669BE2B3BC0B6006A3DDD /* NavigationSplitViewUITests */,
			);
		};
/* End PBXProject section */

/* Begin PBXResourcesBuildPhase section */
		B18669A32B3BC0B3006A3DDD /* Resources */ = {
			isa = PBXResourcesBuildPhase;
			buildActionMask = 2147483647;
			files = (
				B18669B02B3BC0B6006A3DDD /* Preview Assets.xcassets in Resources */,
				B18669AD2B3BC0B6006A3DDD /* Assets.xcassets in Resources */,
			);
			runOnlyForDeploymentPostprocessing = 0;
		};
		B18669B32B3BC0B6006A3DDD /* Resources */ = {
			isa = PBXResourcesBuildPhase;
			buildActionMask = 2147483647;
			files = (
			);
			runOnlyForDeploymentPostprocessing = 0;
		};
		B18669BD2B3BC0B6006A3DDD /* Resources */ = {
			isa = PBXResourcesBuildPhase;
			buildActionMask = 2147483647;
			files = (
			);
			runOnlyForDeploymentPostprocessing = 0;
		};
/* End PBXResourcesBuildPhase section */

/* Begin PBXSourcesBuildPhase section */
		B18669A12B3BC0B3006A3DDD /* Sources */ = {
			isa = PBXSourcesBuildPhase;
			buildActionMask = 2147483647;
			files = (
				B18669AB2B3BC0B3006A3DDD /* ContentView.swift in Sources */,
				B18669D52B3BC25D006A3DDD /* ThreeColumnSampleCode.swift in Sources */,
				B18669A92B3BC0B3006A3DDD /* NavigationSplitViewApp.swift in Sources */,
				B18669D32B3BC1E1006A3DDD /* DataModel.swift in Sources */,
			);
			runOnlyForDeploymentPostprocessing = 0;
		};
		B18669B12B3BC0B6006A3DDD /* Sources */ = {
			isa = PBXSourcesBuildPhase;
			buildActionMask = 2147483647;
			files = (
				B18669BA2B3BC0B6006A3DDD /* NavigationSplitViewTests.swift in Sources */,
			);
			runOnlyForDeploymentPostprocessing = 0;
		};
		B18669BB2B3BC0B6006A3DDD /* Sources */ = {
			isa = PBXSourcesBuildPhase;
			buildActionMask = 2147483647;
			files = (
				B18669C62B3BC0B6006A3DDD /* NavigationSplitViewUITestsLaunchTests.swift in Sources */,
				B18669C42B3BC0B6006A3DDD /* NavigationSplitViewUITests.swift in Sources */,
			);
			runOnlyForDeploymentPostprocessing = 0;
		};
/* End PBXSourcesBuildPhase section */

/* Begin PBXTargetDependency section */
		B18669B72B3BC0B6006A3DDD /* PBXTargetDependency */ = {
			isa = PBXTargetDependency;
			target = B18669A42B3BC0B3006A3DDD /* NavigationSplitView */;
			targetProxy = B18669B62B3BC0B6006A3DDD /* PBXContainerItemProxy */;
		};
		B18669C12B3BC0B6006A3DDD /* PBXTargetDependency */ = {
			isa = PBXTargetDependency;
			target = B18669A42B3BC0B3006A3DDD /* NavigationSplitView */;
			targetProxy = B18669C02B3BC0B6006A3DDD /* PBXContainerItemProxy */;
		};
/* End PBXTargetDependency section */

/* Begin XCBuildConfiguration section */
		B18669C72B3BC0B6006A3DDD /* Debug */ = {
			isa = XCBuildConfiguration;
			buildSettings = {
				ALWAYS_SEARCH_USER_PATHS = NO;
				ASSETCATALOG_COMPILER_GENERATE_SWIFT_ASSET_SYMBOL_EXTENSIONS = YES;
				CLANG_ANALYZER_NONNULL = YES;
				CLANG_ANALYZER_NUMBER_OBJECT_CONVERSION = YES_AGGRESSIVE;
				CLANG_CXX_LANGUAGE_STANDARD = "gnu++20";
				CLANG_ENABLE_MODULES = YES;
				CLANG_ENABLE_OBJC_ARC = YES;
				CLANG_ENABLE_OBJC_WEAK = YES;
				CLANG_WARN_BLOCK_CAPTURE_AUTORELEASING = YES;
				CLANG_WARN_BOOL_CONVERSION = YES;
				CLANG_WARN_COMMA = YES;
				CLANG_WARN_CONSTANT_CONVERSION = YES;
				CLANG_WARN_DEPRECATED_OBJC_IMPLEMENTATIONS = YES;
				CLANG_WARN_DIRECT_OBJC_ISA_USAGE = YES_ERROR;
				CLANG_WARN_DOCUMENTATION_COMMENTS = YES;
				CLANG_WARN_EMPTY_BODY = YES;
				CLANG_WARN_ENUM_CONVERSION = YES;
				CLANG_WARN_INFINITE_RECURSION = YES;
				CLANG_WARN_INT_CONVERSION = YES;
				CLANG_WARN_NON_LITERAL_NULL_CONVERSION = YES;
				CLANG_WARN_OBJC_IMPLICIT_RETAIN_SELF = YES;
				CLANG_WARN_OBJC_LITERAL_CONVERSION = YES;
				CLANG_WARN_OBJC_ROOT_CLASS = YES_ERROR;
				CLANG_WARN_QUOTED_INCLUDE_IN_FRAMEWORK_HEADER = YES;
				CLANG_WARN_RANGE_LOOP_ANALYSIS = YES;
				CLANG_WARN_STRICT_PROTOTYPES = YES;
				CLANG_WARN_SUSPICIOUS_MOVE = YES;
				CLANG_WARN_UNGUARDED_AVAILABILITY = YES_AGGRESSIVE;
				CLANG_WARN_UNREACHABLE_CODE = YES;
				CLANG_WARN__DUPLICATE_METHOD_MATCH = YES;
				COPY_PHASE_STRIP = NO;
				DEBUG_INFORMATION_FORMAT = dwarf;
				ENABLE_STRICT_OBJC_MSGSEND = YES;
				ENABLE_TESTABILITY = YES;
				ENABLE_USER_SCRIPT_SANDBOXING = YES;
				GCC_C_LANGUAGE_STANDARD = gnu17;
				GCC_DYNAMIC_NO_PIC = NO;
				GCC_NO_COMMON_BLOCKS = YES;
				GCC_OPTIMIZATION_LEVEL = 0;
				GCC_PREPROCESSOR_DEFINITIONS = (
					"DEBUG=1",
					"$(inherited)",
				);
				GCC_WARN_64_TO_32_BIT_CONVERSION = YES;
				GCC_WARN_ABOUT_RETURN_TYPE = YES_ERROR;
				GCC_WARN_UNDECLARED_SELECTOR = YES;
				GCC_WARN_UNINITIALIZED_AUTOS = YES_AGGRESSIVE;
				GCC_WARN_UNUSED_FUNCTION = YES;
				GCC_WARN_UNUSED_VARIABLE = YES;
				IPHONEOS_DEPLOYMENT_TARGET = 17.0;
				LOCALIZATION_PREFERS_STRING_CATALOGS = YES;
				MTL_ENABLE_DEBUG_INFO = INCLUDE_SOURCE;
				MTL_FAST_MATH = YES;
				ONLY_ACTIVE_ARCH = YES;
				SDKROOT = iphoneos;
				SWIFT_ACTIVE_COMPILATION_CONDITIONS = "DEBUG $(inherited)";
				SWIFT_OPTIMIZATION_LEVEL = "-Onone";
			};
			name = Debug;
		};
		B18669C82B3BC0B6006A3DDD /* Release */ = {
			isa = XCBuildConfiguration;
			buildSettings = {
				ALWAYS_SEARCH_USER_PATHS = NO;
				ASSETCATALOG_COMPILER_GENERATE_SWIFT_ASSET_SYMBOL_EXTENSIONS = YES;
				CLANG_ANALYZER_NONNULL = YES;
				CLANG_ANALYZER_NUMBER_OBJECT_CONVERSION = YES_AGGRESSIVE;
				CLANG_CXX_LANGUAGE_STANDARD = "gnu++20";
				CLANG_ENABLE_MODULES = YES;
				CLANG_ENABLE_OBJC_ARC = YES;
				CLANG_ENABLE_OBJC_WEAK = YES;
				CLANG_WARN_BLOCK_CAPTURE_AUTORELEASING = YES;
				CLANG_WARN_BOOL_CONVERSION = YES;
				CLANG_WARN_COMMA = YES;
				CLANG_WARN_CONSTANT_CONVERSION = YES;
				CLANG_WARN_DEPRECATED_OBJC_IMPLEMENTATIONS = YES;
				CLANG_WARN_DIRECT_OBJC_ISA_USAGE = YES_ERROR;
				CLANG_WARN_DOCUMENTATION_COMMENTS = YES;
				CLANG_WARN_EMPTY_BODY = YES;
				CLANG_WARN_ENUM_CONVERSION = YES;
				CLANG_WARN_INFINITE_RECURSION = YES;
				CLANG_WARN_INT_CONVERSION = YES;
				CLANG_WARN_NON_LITERAL_NULL_CONVERSION = YES;
				CLANG_WARN_OBJC_IMPLICIT_RETAIN_SELF = YES;
				CLANG_WARN_OBJC_LITERAL_CONVERSION = YES;
				CLANG_WARN_OBJC_ROOT_CLASS = YES_ERROR;
				CLANG_WARN_QUOTED_INCLUDE_IN_FRAMEWORK_HEADER = YES;
				CLANG_WARN_RANGE_LOOP_ANALYSIS = YES;
				CLANG_WARN_STRICT_PROTOTYPES = YES;
				CLANG_WARN_SUSPICIOUS_MOVE = YES;
				CLANG_WARN_UNGUARDED_AVAILABILITY = YES_AGGRESSIVE;
				CLANG_WARN_UNREACHABLE_CODE = YES;
				CLANG_WARN__DUPLICATE_METHOD_MATCH = YES;
				COPY_PHASE_STRIP = NO;
				DEBUG_INFORMATION_FORMAT = "dwarf-with-dsym";
				ENABLE_NS_ASSERTIONS = NO;
				ENABLE_STRICT_OBJC_MSGSEND = YES;
				ENABLE_USER_SCRIPT_SANDBOXING = YES;
				GCC_C_LANGUAGE_STANDARD = gnu17;
				GCC_NO_COMMON_BLOCKS = YES;
				GCC_WARN_64_TO_32_BIT_CONVERSION = YES;
				GCC_WARN_ABOUT_RETURN_TYPE = YES_ERROR;
				GCC_WARN_UNDECLARED_SELECTOR = YES;
				GCC_WARN_UNINITIALIZED_AUTOS = YES_AGGRESSIVE;
				GCC_WARN_UNUSED_FUNCTION = YES;
				GCC_WARN_UNUSED_VARIABLE = YES;
				IPHONEOS_DEPLOYMENT_TARGET = 17.0;
				LOCALIZATION_PREFERS_STRING_CATALOGS = YES;
				MTL_ENABLE_DEBUG_INFO = NO;
				MTL_FAST_MATH = YES;
				SDKROOT = iphoneos;
				SWIFT_COMPILATION_MODE = wholemodule;
				VALIDATE_PRODUCT = YES;
			};
			name = Release;
		};
		B18669CA2B3BC0B6006A3DDD /* Debug */ = {
			isa = XCBuildConfiguration;
			buildSettings = {
				ASSETCATALOG_COMPILER_APPICON_NAME = AppIcon;
				ASSETCATALOG_COMPILER_GLOBAL_ACCENT_COLOR_NAME = AccentColor;
				CODE_SIGN_STYLE = Automatic;
				CURRENT_PROJECT_VERSION = 1;
				DEVELOPMENT_ASSET_PATHS = "\"NavigationSplitView/Preview Content\"";
				DEVELOPMENT_TEAM = Q4WH2ZZWCT;
				ENABLE_PREVIEWS = YES;
				GENERATE_INFOPLIST_FILE = YES;
				INFOPLIST_KEY_UIApplicationSceneManifest_Generation = YES;
				INFOPLIST_KEY_UIApplicationSupportsIndirectInputEvents = YES;
				INFOPLIST_KEY_UILaunchScreen_Generation = YES;
				INFOPLIST_KEY_UISupportedInterfaceOrientations_iPad = "UIInterfaceOrientationPortrait UIInterfaceOrientationPortraitUpsideDown UIInterfaceOrientationLandscapeLeft UIInterfaceOrientationLandscapeRight";
				INFOPLIST_KEY_UISupportedInterfaceOrientations_iPhone = "UIInterfaceOrientationPortrait UIInterfaceOrientationLandscapeLeft UIInterfaceOrientationLandscapeRight";
				LD_RUNPATH_SEARCH_PATHS = (
					"$(inherited)",
					"@executable_path/Frameworks",
				);
				MARKETING_VERSION = 1.0;
				PRODUCT_BUNDLE_IDENTIFIER = com.siddharthkothari.NavigationSplitView;
				PRODUCT_NAME = "$(TARGET_NAME)";
				SWIFT_EMIT_LOC_STRINGS = YES;
				SWIFT_VERSION = 5.0;
				TARGETED_DEVICE_FAMILY = "1,2";
			};
			name = Debug;
		};
		B18669CB2B3BC0B6006A3DDD /* Release */ = {
			isa = XCBuildConfiguration;
			buildSettings = {
				ASSETCATALOG_COMPILER_APPICON_NAME = AppIcon;
				ASSETCATALOG_COMPILER_GLOBAL_ACCENT_COLOR_NAME = AccentColor;
				CODE_SIGN_STYLE = Automatic;
				CURRENT_PROJECT_VERSION = 1;
				DEVELOPMENT_ASSET_PATHS = "\"NavigationSplitView/Preview Content\"";
				DEVELOPMENT_TEAM = Q4WH2ZZWCT;
				ENABLE_PREVIEWS = YES;
				GENERATE_INFOPLIST_FILE = YES;
				INFOPLIST_KEY_UIApplicationSceneManifest_Generation = YES;
				INFOPLIST_KEY_UIApplicationSupportsIndirectInputEvents = YES;
				INFOPLIST_KEY_UILaunchScreen_Generation = YES;
				INFOPLIST_KEY_UISupportedInterfaceOrientations_iPad = "UIInterfaceOrientationPortrait UIInterfaceOrientationPortraitUpsideDown UIInterfaceOrientationLandscapeLeft UIInterfaceOrientationLandscapeRight";
				INFOPLIST_KEY_UISupportedInterfaceOrientations_iPhone = "UIInterfaceOrientationPortrait UIInterfaceOrientationLandscapeLeft UIInterfaceOrientationLandscapeRight";
				LD_RUNPATH_SEARCH_PATHS = (
					"$(inherited)",
					"@executable_path/Frameworks",
				);
				MARKETING_VERSION = 1.0;
				PRODUCT_BUNDLE_IDENTIFIER = com.siddharthkothari.NavigationSplitView;
				PRODUCT_NAME = "$(TARGET_NAME)";
				SWIFT_EMIT_LOC_STRINGS = YES;
				SWIFT_VERSION = 5.0;
				TARGETED_DEVICE_FAMILY = "1,2";
			};
			name = Release;
		};
		B18669CD2B3BC0B6006A3DDD /* Debug */ = {
			isa = XCBuildConfiguration;
			buildSettings = {
				ALWAYS_EMBED_SWIFT_STANDARD_LIBRARIES = YES;
				BUNDLE_LOADER = "$(TEST_HOST)";
				CODE_SIGN_STYLE = Automatic;
				CURRENT_PROJECT_VERSION = 1;
				DEVELOPMENT_TEAM = Q4WH2ZZWCT;
				GENERATE_INFOPLIST_FILE = YES;
				IPHONEOS_DEPLOYMENT_TARGET = 17.0;
				MARKETING_VERSION = 1.0;
				PRODUCT_BUNDLE_IDENTIFIER = com.siddharthkothari.NavigationSplitViewTests;
				PRODUCT_NAME = "$(TARGET_NAME)";
				SWIFT_EMIT_LOC_STRINGS = NO;
				SWIFT_VERSION = 5.0;
				TARGETED_DEVICE_FAMILY = "1,2";
				TEST_HOST = "$(BUILT_PRODUCTS_DIR)/NavigationSplitView.app/$(BUNDLE_EXECUTABLE_FOLDER_PATH)/NavigationSplitView";
			};
			name = Debug;
		};
		B18669CE2B3BC0B6006A3DDD /* Release */ = {
			isa = XCBuildConfiguration;
			buildSettings = {
				ALWAYS_EMBED_SWIFT_STANDARD_LIBRARIES = YES;
				BUNDLE_LOADER = "$(TEST_HOST)";
				CODE_SIGN_STYLE = Automatic;
				CURRENT_PROJECT_VERSION = 1;
				DEVELOPMENT_TEAM = Q4WH2ZZWCT;
				GENERATE_INFOPLIST_FILE = YES;
				IPHONEOS_DEPLOYMENT_TARGET = 17.0;
				MARKETING_VERSION = 1.0;
				PRODUCT_BUNDLE_IDENTIFIER = com.siddharthkothari.NavigationSplitViewTests;
				PRODUCT_NAME = "$(TARGET_NAME)";
				SWIFT_EMIT_LOC_STRINGS = NO;
				SWIFT_VERSION = 5.0;
				TARGETED_DEVICE_FAMILY = "1,2";
				TEST_HOST = "$(BUILT_PRODUCTS_DIR)/NavigationSplitView.app/$(BUNDLE_EXECUTABLE_FOLDER_PATH)/NavigationSplitView";
			};
			name = Release;
		};
		B18669D02B3BC0B6006A3DDD /* Debug */ = {
			isa = XCBuildConfiguration;
			buildSettings = {
				ALWAYS_EMBED_SWIFT_STANDARD_LIBRARIES = YES;
				CODE_SIGN_STYLE = Automatic;
				CURRENT_PROJECT_VERSION = 1;
				DEVELOPMENT_TEAM = Q4WH2ZZWCT;
				GENERATE_INFOPLIST_FILE = YES;
				MARKETING_VERSION = 1.0;
				PRODUCT_BUNDLE_IDENTIFIER = com.siddharthkothari.NavigationSplitViewUITests;
				PRODUCT_NAME = "$(TARGET_NAME)";
				SWIFT_EMIT_LOC_STRINGS = NO;
				SWIFT_VERSION = 5.0;
				TARGETED_DEVICE_FAMILY = "1,2";
				TEST_TARGET_NAME = NavigationSplitView;
			};
			name = Debug;
		};
		B18669D12B3BC0B6006A3DDD /* Release */ = {
			isa = XCBuildConfiguration;
			buildSettings = {
				ALWAYS_EMBED_SWIFT_STANDARD_LIBRARIES = YES;
				CODE_SIGN_STYLE = Automatic;
				CURRENT_PROJECT_VERSION = 1;
				DEVELOPMENT_TEAM = Q4WH2ZZWCT;
				GENERATE_INFOPLIST_FILE = YES;
				MARKETING_VERSION = 1.0;
				PRODUCT_BUNDLE_IDENTIFIER = com.siddharthkothari.NavigationSplitViewUITests;
				PRODUCT_NAME = "$(TARGET_NAME)";
				SWIFT_EMIT_LOC_STRINGS = NO;
				SWIFT_VERSION = 5.0;
				TARGETED_DEVICE_FAMILY = "1,2";
				TEST_TARGET_NAME = NavigationSplitView;
			};
			name = Release;
		};
/* End XCBuildConfiguration section */

/* Begin XCConfigurationList section */
		B18669A02B3BC0B3006A3DDD /* Build configuration list for PBXProject "NavigationSplitView" */ = {
			isa = XCConfigurationList;
			buildConfigurations = (
				B18669C72B3BC0B6006A3DDD /* Debug */,
				B18669C82B3BC0B6006A3DDD /* Release */,
			);
			defaultConfigurationIsVisible = 0;
			defaultConfigurationName = Release;
		};
		B18669C92B3BC0B6006A3DDD /* Build configuration list for PBXNativeTarget "NavigationSplitView" */ = {
			isa = XCConfigurationList;
			buildConfigurations = (
				B18669CA2B3BC0B6006A3DDD /* Debug */,
				B18669CB2B3BC0B6006A3DDD /* Release */,
			);
			defaultConfigurationIsVisible = 0;
			defaultConfigurationName = Release;
		};
		B18669CC2B3BC0B6006A3DDD /* Build configuration list for PBXNativeTarget "NavigationSplitViewTests" */ = {
			isa = XCConfigurationList;
			buildConfigurations = (
				B18669CD2B3BC0B6006A3DDD /* Debug */,
				B18669CE2B3BC0B6006A3DDD /* Release */,
			);
			defaultConfigurationIsVisible = 0;
			defaultConfigurationName = Release;
		};
		B18669CF2B3BC0B6006A3DDD /* Build configuration list for PBXNativeTarget "NavigationSplitViewUITests" */ = {
			isa = XCConfigurationList;
			buildConfigurations = (
				B18669D02B3BC0B6006A3DDD /* Debug */,
				B18669D12B3BC0B6006A3DDD /* Release */,
			);
			defaultConfigurationIsVisible = 0;
			defaultConfigurationName = Release;
		};
/* End XCConfigurationList section */
	};
	rootObject = B186699D2B3BC0B3006A3DDD /* Project object */;
}
